// !$*UTF8*$!
{
	archiveVersion = 1;
	classes = {
	};
	objectVersion = 56;
	objects = {

/* Begin PBXBuildFile section */
		2B2E922B61B6C445A7176F01 /* Pods_20_rxswift_learn.framework in Frameworks */ = {isa = PBXBuildFile; fileRef = 6A401DC242A5289F91FAC9B3 /* Pods_20_rxswift_learn.framework */; };
		D20D4BDD2AAD358E0016A396 /* AppDelegate.swift in Sources */ = {isa = PBXBuildFile; fileRef = D20D4BDC2AAD358E0016A396 /* AppDelegate.swift */; };
		D20D4BDF2AAD358E0016A396 /* SceneDelegate.swift in Sources */ = {isa = PBXBuildFile; fileRef = D20D4BDE2AAD358E0016A396 /* SceneDelegate.swift */; };
		D20D4BE12AAD358E0016A396 /* ViewController.swift in Sources */ = {isa = PBXBuildFile; fileRef = D20D4BE02AAD358E0016A396 /* ViewController.swift */; };
		D20D4BE42AAD358E0016A396 /* Main.storyboard in Resources */ = {isa = PBXBuildFile; fileRef = D20D4BE22AAD358E0016A396 /* Main.storyboard */; };
		D20D4BE62AAD35900016A396 /* Assets.xcassets in Resources */ = {isa = PBXBuildFile; fileRef = D20D4BE52AAD35900016A396 /* Assets.xcassets */; };
		D20D4BE92AAD35900016A396 /* LaunchScreen.storyboard in Resources */ = {isa = PBXBuildFile; fileRef = D20D4BE72AAD35900016A396 /* LaunchScreen.storyboard */; };
/* End PBXBuildFile section */

/* Begin PBXFileReference section */
		06D0B93AB730269504F80649 /* Pods-20_rxswift_learn.release.xcconfig */ = {isa = PBXFileReference; includeInIndex = 1; lastKnownFileType = text.xcconfig; name = "Pods-20_rxswift_learn.release.xcconfig"; path = "Target Support Files/Pods-20_rxswift_learn/Pods-20_rxswift_learn.release.xcconfig"; sourceTree = "<group>"; };
		518C7547391E22DB9E4AFE4D /* Pods-20_rxswift_learn.debug.xcconfig */ = {isa = PBXFileReference; includeInIndex = 1; lastKnownFileType = text.xcconfig; name = "Pods-20_rxswift_learn.debug.xcconfig"; path = "Target Support Files/Pods-20_rxswift_learn/Pods-20_rxswift_learn.debug.xcconfig"; sourceTree = "<group>"; };
		6A401DC242A5289F91FAC9B3 /* Pods_20_rxswift_learn.framework */ = {isa = PBXFileReference; explicitFileType = wrapper.framework; includeInIndex = 0; path = Pods_20_rxswift_learn.framework; sourceTree = BUILT_PRODUCTS_DIR; };
		D20D4BD92AAD358E0016A396 /* 20_rxswift_learn.app */ = {isa = PBXFileReference; explicitFileType = wrapper.application; includeInIndex = 0; path = 20_rxswift_learn.app; sourceTree = BUILT_PRODUCTS_DIR; };
		D20D4BDC2AAD358E0016A396 /* AppDelegate.swift */ = {isa = PBXFileReference; lastKnownFileType = sourcecode.swift; path = AppDelegate.swift; sourceTree = "<group>"; };
		D20D4BDE2AAD358E0016A396 /* SceneDelegate.swift */ = {isa = PBXFileReference; lastKnownFileType = sourcecode.swift; path = SceneDelegate.swift; sourceTree = "<group>"; };
		D20D4BE02AAD358E0016A396 /* ViewController.swift */ = {isa = PBXFileReference; lastKnownFileType = sourcecode.swift; path = ViewController.swift; sourceTree = "<group>"; };
		D20D4BE32AAD358E0016A396 /* Base */ = {isa = PBXFileReference; lastKnownFileType = file.storyboard; name = Base; path = Base.lproj/Main.storyboard; sourceTree = "<group>"; };
		D20D4BE52AAD35900016A396 /* Assets.xcassets */ = {isa = PBXFileReference; lastKnownFileType = folder.assetcatalog; path = Assets.xcassets; sourceTree = "<group>"; };
		D20D4BE82AAD35900016A396 /* Base */ = {isa = PBXFileReference; lastKnownFileType = file.storyboard; name = Base; path = Base.lproj/LaunchScreen.storyboard; sourceTree = "<group>"; };
		D20D4BEA2AAD35900016A396 /* Info.plist */ = {isa = PBXFileReference; lastKnownFileType = text.plist.xml; path = Info.plist; sourceTree = "<group>"; };
/* End PBXFileReference section */

/* Begin PBXFrameworksBuildPhase section */
		D20D4BD62AAD358E0016A396 /* Frameworks */ = {
			isa = PBXFrameworksBuildPhase;
			buildActionMask = 2147483647;
			files = (
				2B2E922B61B6C445A7176F01 /* Pods_20_rxswift_learn.framework in Frameworks */,
			);
			runOnlyForDeploymentPostprocessing = 0;
		};
/* End PBXFrameworksBuildPhase section */

/* Begin PBXGroup section */
		218F24E437170F4D6CC074B5 /* Frameworks */ = {
			isa = PBXGroup;
			children = (
				6A401DC242A5289F91FAC9B3 /* Pods_20_rxswift_learn.framework */,
			);
			name = Frameworks;
			sourceTree = "<group>";
		};
		335531ADABB2449C0C828F8C /* Pods */ = {
			isa = PBXGroup;
			children = (
				518C7547391E22DB9E4AFE4D /* Pods-20_rxswift_learn.debug.xcconfig */,
				06D0B93AB730269504F80649 /* Pods-20_rxswift_learn.release.xcconfig */,
			);
			path = Pods;
			sourceTree = "<group>";
		};
		D20D4BD02AAD358E0016A396 = {
			isa = PBXGroup;
			children = (
				D20D4BDB2AAD358E0016A396 /* 20_rxswift_learn */,
				D20D4BDA2AAD358E0016A396 /* Products */,
				335531ADABB2449C0C828F8C /* Pods */,
				218F24E437170F4D6CC074B5 /* Frameworks */,
			);
			sourceTree = "<group>";
		};
		D20D4BDA2AAD358E0016A396 /* Products */ = {
			isa = PBXGroup;
			children = (
				D20D4BD92AAD358E0016A396 /* 20_rxswift_learn.app */,
			);
			name = Products;
			sourceTree = "<group>";
		};
		D20D4BDB2AAD358E0016A396 /* 20_rxswift_learn */ = {
			isa = PBXGroup;
			children = (
				D20D4BDC2AAD358E0016A396 /* AppDelegate.swift */,
				D20D4BDE2AAD358E0016A396 /* SceneDelegate.swift */,
				D20D4BE02AAD358E0016A396 /* ViewController.swift */,
				D20D4BE22AAD358E0016A396 /* Main.storyboard */,
				D20D4BE52AAD35900016A396 /* Assets.xcassets */,
				D20D4BE72AAD35900016A396 /* LaunchScreen.storyboard */,
				D20D4BEA2AAD35900016A396 /* Info.plist */,
			);
			path = 20_rxswift_learn;
			sourceTree = "<group>";
		};
/* End PBXGroup section */

/* Begin PBXNativeTarget section */
		D20D4BD82AAD358E0016A396 /* 20_rxswift_learn */ = {
			isa = PBXNativeTarget;
			buildConfigurationList = D20D4BED2AAD35900016A396 /* Build configuration list for PBXNativeTarget "20_rxswift_learn" */;
			buildPhases = (
				5AAD9208F72C355321EBB339 /* [CP] Check Pods Manifest.lock */,
				D20D4BD52AAD358E0016A396 /* Sources */,
				D20D4BD62AAD358E0016A396 /* Frameworks */,
				D20D4BD72AAD358E0016A396 /* Resources */,
				5714AD598BBC624A8D90BBFE /* [CP] Embed Pods Frameworks */,
			);
			buildRules = (
			);
			dependencies = (
			);
			name = 20_rxswift_learn;
			productName = 20_rxswift_learn;
			productReference = D20D4BD92AAD358E0016A396 /* 20_rxswift_learn.app */;
			productType = "com.apple.product-type.application";
		};
/* End PBXNativeTarget section */

/* Begin PBXProject section */
		D20D4BD12AAD358E0016A396 /* Project object */ = {
			isa = PBXProject;
			attributes = {
				BuildIndependentTargetsInParallel = 1;
				LastSwiftUpdateCheck = 1430;
				LastUpgradeCheck = 1430;
				TargetAttributes = {
					D20D4BD82AAD358E0016A396 = {
						CreatedOnToolsVersion = 14.3.1;
					};
				};
			};
			buildConfigurationList = D20D4BD42AAD358E0016A396 /* Build configuration list for PBXProject "20_rxswift_learn" */;
			compatibilityVersion = "Xcode 14.0";
			developmentRegion = en;
			hasScannedForEncodings = 0;
			knownRegions = (
				en,
				Base,
			);
			mainGroup = D20D4BD02AAD358E0016A396;
			productRefGroup = D20D4BDA2AAD358E0016A396 /* Products */;
			projectDirPath = "";
			projectRoot = "";
			targets = (
				D20D4BD82AAD358E0016A396 /* 20_rxswift_learn */,
			);
		};
/* End PBXProject section */

/* Begin PBXResourcesBuildPhase section */
		D20D4BD72AAD358E0016A396 /* Resources */ = {
			isa = PBXResourcesBuildPhase;
			buildActionMask = 2147483647;
			files = (
				D20D4BE92AAD35900016A396 /* LaunchScreen.storyboard in Resources */,
				D20D4BE62AAD35900016A396 /* Assets.xcassets in Resources */,
				D20D4BE42AAD358E0016A396 /* Main.storyboard in Resources */,
			);
			runOnlyForDeploymentPostprocessing = 0;
		};
/* End PBXResourcesBuildPhase section */

/* Begin PBXShellScriptBuildPhase section */
		5714AD598BBC624A8D90BBFE /* [CP] Embed Pods Frameworks */ = {
			isa = PBXShellScriptBuildPhase;
			buildActionMask = 2147483647;
			files = (
			);
			inputFileListPaths = (
				"${PODS_ROOT}/Target Support Files/Pods-20_rxswift_learn/Pods-20_rxswift_learn-frameworks-${CONFIGURATION}-input-files.xcfilelist",
			);
			name = "[CP] Embed Pods Frameworks";
			outputFileListPaths = (
				"${PODS_ROOT}/Target Support Files/Pods-20_rxswift_learn/Pods-20_rxswift_learn-frameworks-${CONFIGURATION}-output-files.xcfilelist",
			);
			runOnlyForDeploymentPostprocessing = 0;
			shellPath = /bin/sh;
			shellScript = "\"${PODS_ROOT}/Target Support Files/Pods-20_rxswift_learn/Pods-20_rxswift_learn-frameworks.sh\"\n";
			showEnvVarsInLog = 0;
		};
		5AAD9208F72C355321EBB339 /* [CP] Check Pods Manifest.lock */ = {
			isa = PBXShellScriptBuildPhase;
			buildActionMask = 2147483647;
			files = (
			);
			inputFileListPaths = (
			);
			inputPaths = (
				"${PODS_PODFILE_DIR_PATH}/Podfile.lock",
				"${PODS_ROOT}/Manifest.lock",
			);
			name = "[CP] Check Pods Manifest.lock";
			outputFileListPaths = (
			);
			outputPaths = (
				"$(DERIVED_FILE_DIR)/Pods-20_rxswift_learn-checkManifestLockResult.txt",
			);
			runOnlyForDeploymentPostprocessing = 0;
			shellPath = /bin/sh;
			shellScript = "diff \"${PODS_PODFILE_DIR_PATH}/Podfile.lock\" \"${PODS_ROOT}/Manifest.lock\" > /dev/null\nif [ $? != 0 ] ; then\n    # print error to STDERR\n    echo \"error: The sandbox is not in sync with the Podfile.lock. Run 'pod install' or update your CocoaPods installation.\" >&2\n    exit 1\nfi\n# This output is used by Xcode 'outputs' to avoid re-running this script phase.\necho \"SUCCESS\" > \"${SCRIPT_OUTPUT_FILE_0}\"\n";
			showEnvVarsInLog = 0;
		};
/* End PBXShellScriptBuildPhase section */

/* Begin PBXSourcesBuildPhase section */
		D20D4BD52AAD358E0016A396 /* Sources */ = {
			isa = PBXSourcesBuildPhase;
			buildActionMask = 2147483647;
			files = (
				D20D4BE12AAD358E0016A396 /* ViewController.swift in Sources */,
				D20D4BDD2AAD358E0016A396 /* AppDelegate.swift in Sources */,
				D20D4BDF2AAD358E0016A396 /* SceneDelegate.swift in Sources */,
			);
			runOnlyForDeploymentPostprocessing = 0;
		};
/* End PBXSourcesBuildPhase section */

/* Begin PBXVariantGroup section */
		D20D4BE22AAD358E0016A396 /* Main.storyboard */ = {
			isa = PBXVariantGroup;
			children = (
				D20D4BE32AAD358E0016A396 /* Base */,
			);
			name = Main.storyboard;
			sourceTree = "<group>";
		};
		D20D4BE72AAD35900016A396 /* LaunchScreen.storyboard */ = {
			isa = PBXVariantGroup;
			children = (
				D20D4BE82AAD35900016A396 /* Base */,
			);
			name = LaunchScreen.storyboard;
			sourceTree = "<group>";
		};
/* End PBXVariantGroup section */

/* Begin XCBuildConfiguration section */
		D20D4BEB2AAD35900016A396 /* Debug */ = {
			isa = XCBuildConfiguration;
			buildSettings = {
				ALWAYS_SEARCH_USER_PATHS = NO;
				CLANG_ANALYZER_NONNULL = YES;
				CLANG_ANALYZER_NUMBER_OBJECT_CONVERSION = YES_AGGRESSIVE;
				CLANG_CXX_LANGUAGE_STANDARD = "gnu++20";
				CLANG_ENABLE_MODULES = YES;
				CLANG_ENABLE_OBJC_ARC = YES;
				CLANG_ENABLE_OBJC_WEAK = YES;
				CLANG_WARN_BLOCK_CAPTURE_AUTORELEASING = YES;
				CLANG_WARN_BOOL_CONVERSION = YES;
				CLANG_WARN_COMMA = YES;
				CLANG_WARN_CONSTANT_CONVERSION = YES;
				CLANG_WARN_DEPRECATED_OBJC_IMPLEMENTATIONS = YES;
				CLANG_WARN_DIRECT_OBJC_ISA_USAGE = YES_ERROR;
				CLANG_WARN_DOCUMENTATION_COMMENTS = YES;
				CLANG_WARN_EMPTY_BODY = YES;
				CLANG_WARN_ENUM_CONVERSION = YES;
				CLANG_WARN_INFINITE_RECURSION = YES;
				CLANG_WARN_INT_CONVERSION = YES;
				CLANG_WARN_NON_LITERAL_NULL_CONVERSION = YES;
				CLANG_WARN_OBJC_IMPLICIT_RETAIN_SELF = YES;
				CLANG_WARN_OBJC_LITERAL_CONVERSION = YES;
				CLANG_WARN_OBJC_ROOT_CLASS = YES_ERROR;
				CLANG_WARN_QUOTED_INCLUDE_IN_FRAMEWORK_HEADER = YES;
				CLANG_WARN_RANGE_LOOP_ANALYSIS = YES;
				CLANG_WARN_STRICT_PROTOTYPES = YES;
				CLANG_WARN_SUSPICIOUS_MOVE = YES;
				CLANG_WARN_UNGUARDED_AVAILABILITY = YES_AGGRESSIVE;
				CLANG_WARN_UNREACHABLE_CODE = YES;
				CLANG_WARN__DUPLICATE_METHOD_MATCH = YES;
				COPY_PHASE_STRIP = NO;
				DEBUG_INFORMATION_FORMAT = dwarf;
				ENABLE_STRICT_OBJC_MSGSEND = YES;
				ENABLE_TESTABILITY = YES;
				GCC_C_LANGUAGE_STANDARD = gnu11;
				GCC_DYNAMIC_NO_PIC = NO;
				GCC_NO_COMMON_BLOCKS = YES;
				GCC_OPTIMIZATION_LEVEL = 0;
				GCC_PREPROCESSOR_DEFINITIONS = (
					"DEBUG=1",
					"$(inherited)",
				);
				GCC_WARN_64_TO_32_BIT_CONVERSION = YES;
				GCC_WARN_ABOUT_RETURN_TYPE = YES_ERROR;
				GCC_WARN_UNDECLARED_SELECTOR = YES;
				GCC_WARN_UNINITIALIZED_AUTOS = YES_AGGRESSIVE;
				GCC_WARN_UNUSED_FUNCTION = YES;
				GCC_WARN_UNUSED_VARIABLE = YES;
				IPHONEOS_DEPLOYMENT_TARGET = 16.4;
				MTL_ENABLE_DEBUG_INFO = INCLUDE_SOURCE;
				MTL_FAST_MATH = YES;
				ONLY_ACTIVE_ARCH = YES;
				SDKROOT = iphoneos;
				SWIFT_ACTIVE_COMPILATION_CONDITIONS = DEBUG;
				SWIFT_OPTIMIZATION_LEVEL = "-Onone";
			};
			name = Debug;
		};
		D20D4BEC2AAD35900016A396 /* Release */ = {
			isa = XCBuildConfiguration;
			buildSettings = {
				ALWAYS_SEARCH_USER_PATHS = NO;
				CLANG_ANALYZER_NONNULL = YES;
				CLANG_ANALYZER_NUMBER_OBJECT_CONVERSION = YES_AGGRESSIVE;
				CLANG_CXX_LANGUAGE_STANDARD = "gnu++20";
				CLANG_ENABLE_MODULES = YES;
				CLANG_ENABLE_OBJC_ARC = YES;
				CLANG_ENABLE_OBJC_WEAK = YES;
				CLANG_WARN_BLOCK_CAPTURE_AUTORELEASING = YES;
				CLANG_WARN_BOOL_CONVERSION = YES;
				CLANG_WARN_COMMA = YES;
				CLANG_WARN_CONSTANT_CONVERSION = YES;
				CLANG_WARN_DEPRECATED_OBJC_IMPLEMENTATIONS = YES;
				CLANG_WARN_DIRECT_OBJC_ISA_USAGE = YES_ERROR;
				CLANG_WARN_DOCUMENTATION_COMMENTS = YES;
				CLANG_WARN_EMPTY_BODY = YES;
				CLANG_WARN_ENUM_CONVERSION = YES;
				CLANG_WARN_INFINITE_RECURSION = YES;
				CLANG_WARN_INT_CONVERSION = YES;
				CLANG_WARN_NON_LITERAL_NULL_CONVERSION = YES;
				CLANG_WARN_OBJC_IMPLICIT_RETAIN_SELF = YES;
				CLANG_WARN_OBJC_LITERAL_CONVERSION = YES;
				CLANG_WARN_OBJC_ROOT_CLASS = YES_ERROR;
				CLANG_WARN_QUOTED_INCLUDE_IN_FRAMEWORK_HEADER = YES;
				CLANG_WARN_RANGE_LOOP_ANALYSIS = YES;
				CLANG_WARN_STRICT_PROTOTYPES = YES;
				CLANG_WARN_SUSPICIOUS_MOVE = YES;
				CLANG_WARN_UNGUARDED_AVAILABILITY = YES_AGGRESSIVE;
				CLANG_WARN_UNREACHABLE_CODE = YES;
				CLANG_WARN__DUPLICATE_METHOD_MATCH = YES;
				COPY_PHASE_STRIP = NO;
				DEBUG_INFORMATION_FORMAT = "dwarf-with-dsym";
				ENABLE_NS_ASSERTIONS = NO;
				ENABLE_STRICT_OBJC_MSGSEND = YES;
				GCC_C_LANGUAGE_STANDARD = gnu11;
				GCC_NO_COMMON_BLOCKS = YES;
				GCC_WARN_64_TO_32_BIT_CONVERSION = YES;
				GCC_WARN_ABOUT_RETURN_TYPE = YES_ERROR;
				GCC_WARN_UNDECLARED_SELECTOR = YES;
				GCC_WARN_UNINITIALIZED_AUTOS = YES_AGGRESSIVE;
				GCC_WARN_UNUSED_FUNCTION = YES;
				GCC_WARN_UNUSED_VARIABLE = YES;
				IPHONEOS_DEPLOYMENT_TARGET = 16.4;
				MTL_ENABLE_DEBUG_INFO = NO;
				MTL_FAST_MATH = YES;
				SDKROOT = iphoneos;
				SWIFT_COMPILATION_MODE = wholemodule;
				SWIFT_OPTIMIZATION_LEVEL = "-O";
				VALIDATE_PRODUCT = YES;
			};
			name = Release;
		};
		D20D4BEE2AAD35900016A396 /* Debug */ = {
			isa = XCBuildConfiguration;
			baseConfigurationReference = 518C7547391E22DB9E4AFE4D /* Pods-20_rxswift_learn.debug.xcconfig */;
			buildSettings = {
				ASSETCATALOG_COMPILER_APPICON_NAME = AppIcon;
				ASSETCATALOG_COMPILER_GLOBAL_ACCENT_COLOR_NAME = AccentColor;
				CODE_SIGN_STYLE = Automatic;
				CURRENT_PROJECT_VERSION = 1;
				GENERATE_INFOPLIST_FILE = YES;
				INFOPLIST_FILE = 20_rxswift_learn/Info.plist;
				INFOPLIST_KEY_UIApplicationSupportsIndirectInputEvents = YES;
				INFOPLIST_KEY_UILaunchStoryboardName = LaunchScreen;
				INFOPLIST_KEY_UIMainStoryboardFile = Main;
				INFOPLIST_KEY_UISupportedInterfaceOrientations_iPad = "UIInterfaceOrientationPortrait UIInterfaceOrientationPortraitUpsideDown UIInterfaceOrientationLandscapeLeft UIInterfaceOrientationLandscapeRight";
				INFOPLIST_KEY_UISupportedInterfaceOrientations_iPhone = "UIInterfaceOrientationPortrait UIInterfaceOrientationLandscapeLeft UIInterfaceOrientationLandscapeRight";
				IPHONEOS_DEPLOYMENT_TARGET = 13.5;
				LD_RUNPATH_SEARCH_PATHS = (
					"$(inherited)",
					"@executable_path/Frameworks",
				);
				MARKETING_VERSION = 1.0;
				PRODUCT_BUNDLE_IDENTIFIER = "com.qb.com.-0-rxswift-learn";
				PRODUCT_NAME = "$(TARGET_NAME)";
				SWIFT_EMIT_LOC_STRINGS = YES;
				SWIFT_VERSION = 5.0;
				TARGETED_DEVICE_FAMILY = "1,2";
			};
			name = Debug;
		};
		D20D4BEF2AAD35900016A396 /* Release */ = {
			isa = XCBuildConfiguration;
			baseConfigurationReference = 06D0B93AB730269504F80649 /* Pods-20_rxswift_learn.release.xcconfig */;
			buildSettings = {
				ASSETCATALOG_COMPILER_APPICON_NAME = AppIcon;
				ASSETCATALOG_COMPILER_GLOBAL_ACCENT_COLOR_NAME = AccentColor;
				CODE_SIGN_STYLE = Automatic;
				CURRENT_PROJECT_VERSION = 1;
				GENERATE_INFOPLIST_FILE = YES;
				INFOPLIST_FILE = 20_rxswift_learn/Info.plist;
				INFOPLIST_KEY_UIApplicationSupportsIndirectInputEvents = YES;
				INFOPLIST_KEY_UILaunchStoryboardName = LaunchScreen;
				INFOPLIST_KEY_UIMainStoryboardFile = Main;
				INFOPLIST_KEY_UISupportedInterfaceOrientations_iPad = "UIInterfaceOrientationPortrait UIInterfaceOrientationPortraitUpsideDown UIInterfaceOrientationLandscapeLeft UIInterfaceOrientationLandscapeRight";
				INFOPLIST_KEY_UISupportedInterfaceOrientations_iPhone = "UIInterfaceOrientationPortrait UIInterfaceOrientationLandscapeLeft UIInterfaceOrientationLandscapeRight";
				IPHONEOS_DEPLOYMENT_TARGET = 13.5;
				LD_RUNPATH_SEARCH_PATHS = (
					"$(inherited)",
					"@executable_path/Frameworks",
				);
				MARKETING_VERSION = 1.0;
				PRODUCT_BUNDLE_IDENTIFIER = "com.qb.com.-0-rxswift-learn";
				PRODUCT_NAME = "$(TARGET_NAME)";
				SWIFT_EMIT_LOC_STRINGS = YES;
				SWIFT_VERSION = 5.0;
				TARGETED_DEVICE_FAMILY = "1,2";
			};
			name = Release;
		};
/* End XCBuildConfiguration section */

/* Begin XCConfigurationList section */
		D20D4BD42AAD358E0016A396 /* Build configuration list for PBXProject "20_rxswift_learn" */ = {
			isa = XCConfigurationList;
			buildConfigurations = (
				D20D4BEB2AAD35900016A396 /* Debug */,
				D20D4BEC2AAD35900016A396 /* Release */,
			);
			defaultConfigurationIsVisible = 0;
			defaultConfigurationName = Release;
		};
		D20D4BED2AAD35900016A396 /* Build configuration list for PBXNativeTarget "20_rxswift_learn" */ = {
			isa = XCConfigurationList;
			buildConfigurations = (
				D20D4BEE2AAD35900016A396 /* Debug */,
				D20D4BEF2AAD35900016A396 /* Release */,
			);
			defaultConfigurationIsVisible = 0;
			defaultConfigurationName = Release;
		};
/* End XCConfigurationList section */
	};
	rootObject = D20D4BD12AAD358E0016A396 /* Project object */;
}
