// !$*UTF8*$!
{
	archiveVersion = 1;
	classes = {
	};
	objectVersion = 56;
	objects = {

/* Begin PBXBuildFile section */
		D2138D132B987C570066F311 /* main.swift in Sources */ = {isa = PBXBuildFile; fileRef = D2138D122B987C570066F311 /* main.swift */; };
		D2138D1E2B994BEC0066F311 /* main.swift in Sources */ = {isa = PBXBuildFile; fileRef = D2138D1D2B994BEC0066F311 /* main.swift */; };
		D2138D292B994D020066F311 /* main.swift in Sources */ = {isa = PBXBuildFile; fileRef = D2138D282B994D020066F311 /* main.swift */; };
		D2A3A0762B93E980006B416C /* AppDelegate.swift in Sources */ = {isa = PBXBuildFile; fileRef = D2A3A0752B93E980006B416C /* AppDelegate.swift */; };
		D2A3A0782B93E980006B416C /* SceneDelegate.swift in Sources */ = {isa = PBXBuildFile; fileRef = D2A3A0772B93E980006B416C /* SceneDelegate.swift */; };
		D2A3A07A2B93E980006B416C /* ViewController.swift in Sources */ = {isa = PBXBuildFile; fileRef = D2A3A0792B93E980006B416C /* ViewController.swift */; };
		D2A3A07D2B93E980006B416C /* Main.storyboard in Resources */ = {isa = PBXBuildFile; fileRef = D2A3A07B2B93E980006B416C /* Main.storyboard */; };
		D2A3A07F2B93E980006B416C /* Assets.xcassets in Resources */ = {isa = PBXBuildFile; fileRef = D2A3A07E2B93E980006B416C /* Assets.xcassets */; };
		D2A3A0822B93E980006B416C /* LaunchScreen.storyboard in Resources */ = {isa = PBXBuildFile; fileRef = D2A3A0802B93E980006B416C /* LaunchScreen.storyboard */; };
		D2A3A0902B93E9AA006B416C /* main.swift in Sources */ = {isa = PBXBuildFile; fileRef = D2A3A08F2B93E9AA006B416C /* main.swift */; };
		D2A3A09B2B953D3F006B416C /* main.swift in Sources */ = {isa = PBXBuildFile; fileRef = D2A3A09A2B953D3F006B416C /* main.swift */; };
		D2A3A0A62B95429E006B416C /* main.swift in Sources */ = {isa = PBXBuildFile; fileRef = D2A3A0A52B95429E006B416C /* main.swift */; };
		D2A3A0B12B954AD4006B416C /* main.swift in Sources */ = {isa = PBXBuildFile; fileRef = D2A3A0B02B954AD4006B416C /* main.swift */; };
		D2A3A0BC2B954FDC006B416C /* main.swift in Sources */ = {isa = PBXBuildFile; fileRef = D2A3A0BB2B954FDC006B416C /* main.swift */; };
		D2A3A0C72B95535B006B416C /* main.swift in Sources */ = {isa = PBXBuildFile; fileRef = D2A3A0C62B95535B006B416C /* main.swift */; };
/* End PBXBuildFile section */

/* Begin PBXCopyFilesBuildPhase section */
		D2138D0E2B987C570066F311 /* CopyFiles */ = {
			isa = PBXCopyFilesBuildPhase;
			buildActionMask = 2147483647;
			dstPath = /usr/share/man/man1/;
			dstSubfolderSpec = 0;
			files = (
			);
			runOnlyForDeploymentPostprocessing = 1;
		};
		D2138D192B994BEC0066F311 /* CopyFiles */ = {
			isa = PBXCopyFilesBuildPhase;
			buildActionMask = 2147483647;
			dstPath = /usr/share/man/man1/;
			dstSubfolderSpec = 0;
			files = (
			);
			runOnlyForDeploymentPostprocessing = 1;
		};
		D2138D242B994D020066F311 /* CopyFiles */ = {
			isa = PBXCopyFilesBuildPhase;
			buildActionMask = 2147483647;
			dstPath = /usr/share/man/man1/;
			dstSubfolderSpec = 0;
			files = (
			);
			runOnlyForDeploymentPostprocessing = 1;
		};
		D2A3A08B2B93E9AA006B416C /* CopyFiles */ = {
			isa = PBXCopyFilesBuildPhase;
			buildActionMask = 2147483647;
			dstPath = /usr/share/man/man1/;
			dstSubfolderSpec = 0;
			files = (
			);
			runOnlyForDeploymentPostprocessing = 1;
		};
		D2A3A0962B953D3F006B416C /* CopyFiles */ = {
			isa = PBXCopyFilesBuildPhase;
			buildActionMask = 2147483647;
			dstPath = /usr/share/man/man1/;
			dstSubfolderSpec = 0;
			files = (
			);
			runOnlyForDeploymentPostprocessing = 1;
		};
		D2A3A0A12B95429E006B416C /* CopyFiles */ = {
			isa = PBXCopyFilesBuildPhase;
			buildActionMask = 2147483647;
			dstPath = /usr/share/man/man1/;
			dstSubfolderSpec = 0;
			files = (
			);
			runOnlyForDeploymentPostprocessing = 1;
		};
		D2A3A0AC2B954AD4006B416C /* CopyFiles */ = {
			isa = PBXCopyFilesBuildPhase;
			buildActionMask = 2147483647;
			dstPath = /usr/share/man/man1/;
			dstSubfolderSpec = 0;
			files = (
			);
			runOnlyForDeploymentPostprocessing = 1;
		};
		D2A3A0B72B954FDC006B416C /* CopyFiles */ = {
			isa = PBXCopyFilesBuildPhase;
			buildActionMask = 2147483647;
			dstPath = /usr/share/man/man1/;
			dstSubfolderSpec = 0;
			files = (
			);
			runOnlyForDeploymentPostprocessing = 1;
		};
		D2A3A0C22B95535B006B416C /* CopyFiles */ = {
			isa = PBXCopyFilesBuildPhase;
			buildActionMask = 2147483647;
			dstPath = /usr/share/man/man1/;
			dstSubfolderSpec = 0;
			files = (
			);
			runOnlyForDeploymentPostprocessing = 1;
		};
/* End PBXCopyFilesBuildPhase section */

/* Begin PBXFileReference section */
		D2138D102B987C570066F311 /* 07_协议_可失败初始化器 */ = {isa = PBXFileReference; explicitFileType = "compiled.mach-o.executable"; includeInIndex = 0; path = "07_协议_可失败初始化器"; sourceTree = BUILT_PRODUCTS_DIR; };
		D2138D122B987C570066F311 /* main.swift */ = {isa = PBXFileReference; lastKnownFileType = sourcecode.swift; path = main.swift; sourceTree = "<group>"; };
		D2138D1B2B994BEC0066F311 /* 08_协议_协议可以继承 */ = {isa = PBXFileReference; explicitFileType = "compiled.mach-o.executable"; includeInIndex = 0; path = "08_协议_协议可以继承"; sourceTree = BUILT_PRODUCTS_DIR; };
		D2138D1D2B994BEC0066F311 /* main.swift */ = {isa = PBXFileReference; lastKnownFileType = sourcecode.swift; path = main.swift; sourceTree = "<group>"; };
		D2138D262B994D020066F311 /* 09_协议_协议的组合 */ = {isa = PBXFileReference; explicitFileType = "compiled.mach-o.executable"; includeInIndex = 0; path = "09_协议_协议的组合"; sourceTree = BUILT_PRODUCTS_DIR; };
		D2138D282B994D020066F311 /* main.swift */ = {isa = PBXFileReference; lastKnownFileType = sourcecode.swift; path = main.swift; sourceTree = "<group>"; };
		D2A3A0722B93E980006B416C /* Lesson_11_可选连_协议_元类型.app */ = {isa = PBXFileReference; explicitFileType = wrapper.application; includeInIndex = 0; path = "Lesson_11_可选连_协议_元类型.app"; sourceTree = BUILT_PRODUCTS_DIR; };
		D2A3A0752B93E980006B416C /* AppDelegate.swift */ = {isa = PBXFileReference; lastKnownFileType = sourcecode.swift; path = AppDelegate.swift; sourceTree = "<group>"; };
		D2A3A0772B93E980006B416C /* SceneDelegate.swift */ = {isa = PBXFileReference; lastKnownFileType = sourcecode.swift; path = SceneDelegate.swift; sourceTree = "<group>"; };
		D2A3A0792B93E980006B416C /* ViewController.swift */ = {isa = PBXFileReference; lastKnownFileType = sourcecode.swift; path = ViewController.swift; sourceTree = "<group>"; };
		D2A3A07C2B93E980006B416C /* Base */ = {isa = PBXFileReference; lastKnownFileType = file.storyboard; name = Base; path = Base.lproj/Main.storyboard; sourceTree = "<group>"; };
		D2A3A07E2B93E980006B416C /* Assets.xcassets */ = {isa = PBXFileReference; lastKnownFileType = folder.assetcatalog; path = Assets.xcassets; sourceTree = "<group>"; };
		D2A3A0812B93E980006B416C /* Base */ = {isa = PBXFileReference; lastKnownFileType = file.storyboard; name = Base; path = Base.lproj/LaunchScreen.storyboard; sourceTree = "<group>"; };
		D2A3A0832B93E980006B416C /* Info.plist */ = {isa = PBXFileReference; lastKnownFileType = text.plist.xml; path = Info.plist; sourceTree = "<group>"; };
		D2A3A08D2B93E9AA006B416C /* 01_可选连相关知识点 */ = {isa = PBXFileReference; explicitFileType = "compiled.mach-o.executable"; includeInIndex = 0; path = "01_可选连相关知识点"; sourceTree = BUILT_PRODUCTS_DIR; };
		D2A3A08F2B93E9AA006B416C /* main.swift */ = {isa = PBXFileReference; lastKnownFileType = sourcecode.swift; path = main.swift; sourceTree = "<group>"; };
		D2A3A0982B953D3F006B416C /* 02_协议_01 */ = {isa = PBXFileReference; explicitFileType = "compiled.mach-o.executable"; includeInIndex = 0; path = "02_协议_01"; sourceTree = BUILT_PRODUCTS_DIR; };
		D2A3A09A2B953D3F006B416C /* main.swift */ = {isa = PBXFileReference; lastKnownFileType = sourcecode.swift; path = main.swift; sourceTree = "<group>"; };
		D2A3A0A32B95429E006B416C /* 03_协议_协议中的属性 */ = {isa = PBXFileReference; explicitFileType = "compiled.mach-o.executable"; includeInIndex = 0; path = "03_协议_协议中的属性"; sourceTree = BUILT_PRODUCTS_DIR; };
		D2A3A0A52B95429E006B416C /* main.swift */ = {isa = PBXFileReference; lastKnownFileType = sourcecode.swift; path = main.swift; sourceTree = "<group>"; };
		D2A3A0AE2B954AD4006B416C /* 04_协议_协议中的static和class */ = {isa = PBXFileReference; explicitFileType = "compiled.mach-o.executable"; includeInIndex = 0; path = "04_协议_协议中的static和class"; sourceTree = BUILT_PRODUCTS_DIR; };
		D2A3A0B02B954AD4006B416C /* main.swift */ = {isa = PBXFileReference; lastKnownFileType = sourcecode.swift; path = main.swift; sourceTree = "<group>"; };
		D2A3A0B92B954FDC006B416C /* 05_协议_mutating */ = {isa = PBXFileReference; explicitFileType = "compiled.mach-o.executable"; includeInIndex = 0; path = "05_协议_mutating"; sourceTree = BUILT_PRODUCTS_DIR; };
		D2A3A0BB2B954FDC006B416C /* main.swift */ = {isa = PBXFileReference; lastKnownFileType = sourcecode.swift; path = main.swift; sourceTree = "<group>"; };
		D2A3A0C42B95535B006B416C /* 06_协议_协议中定义初始化器init */ = {isa = PBXFileReference; explicitFileType = "compiled.mach-o.executable"; includeInIndex = 0; path = "06_协议_协议中定义初始化器init"; sourceTree = BUILT_PRODUCTS_DIR; };
		D2A3A0C62B95535B006B416C /* main.swift */ = {isa = PBXFileReference; lastKnownFileType = sourcecode.swift; path = main.swift; sourceTree = "<group>"; };
/* End PBXFileReference section */

/* Begin PBXFrameworksBuildPhase section */
		D2138D0D2B987C570066F311 /* Frameworks */ = {
			isa = PBXFrameworksBuildPhase;
			buildActionMask = 2147483647;
			files = (
			);
			runOnlyForDeploymentPostprocessing = 0;
		};
		D2138D182B994BEC0066F311 /* Frameworks */ = {
			isa = PBXFrameworksBuildPhase;
			buildActionMask = 2147483647;
			files = (
			);
			runOnlyForDeploymentPostprocessing = 0;
		};
		D2138D232B994D020066F311 /* Frameworks */ = {
			isa = PBXFrameworksBuildPhase;
			buildActionMask = 2147483647;
			files = (
			);
			runOnlyForDeploymentPostprocessing = 0;
		};
		D2A3A06F2B93E980006B416C /* Frameworks */ = {
			isa = PBXFrameworksBuildPhase;
			buildActionMask = 2147483647;
			files = (
			);
			runOnlyForDeploymentPostprocessing = 0;
		};
		D2A3A08A2B93E9AA006B416C /* Frameworks */ = {
			isa = PBXFrameworksBuildPhase;
			buildActionMask = 2147483647;
			files = (
			);
			runOnlyForDeploymentPostprocessing = 0;
		};
		D2A3A0952B953D3F006B416C /* Frameworks */ = {
			isa = PBXFrameworksBuildPhase;
			buildActionMask = 2147483647;
			files = (
			);
			runOnlyForDeploymentPostprocessing = 0;
		};
		D2A3A0A02B95429E006B416C /* Frameworks */ = {
			isa = PBXFrameworksBuildPhase;
			buildActionMask = 2147483647;
			files = (
			);
			runOnlyForDeploymentPostprocessing = 0;
		};
		D2A3A0AB2B954AD4006B416C /* Frameworks */ = {
			isa = PBXFrameworksBuildPhase;
			buildActionMask = 2147483647;
			files = (
			);
			runOnlyForDeploymentPostprocessing = 0;
		};
		D2A3A0B62B954FDC006B416C /* Frameworks */ = {
			isa = PBXFrameworksBuildPhase;
			buildActionMask = 2147483647;
			files = (
			);
			runOnlyForDeploymentPostprocessing = 0;
		};
		D2A3A0C12B95535B006B416C /* Frameworks */ = {
			isa = PBXFrameworksBuildPhase;
			buildActionMask = 2147483647;
			files = (
			);
			runOnlyForDeploymentPostprocessing = 0;
		};
/* End PBXFrameworksBuildPhase section */

/* Begin PBXGroup section */
		D2138D112B987C570066F311 /* 07_协议_可失败初始化器 */ = {
			isa = PBXGroup;
			children = (
				D2138D122B987C570066F311 /* main.swift */,
			);
			path = "07_协议_可失败初始化器";
			sourceTree = "<group>";
		};
		D2138D1C2B994BEC0066F311 /* 08_协议_协议可以继承 */ = {
			isa = PBXGroup;
			children = (
				D2138D1D2B994BEC0066F311 /* main.swift */,
			);
			path = "08_协议_协议可以继承";
			sourceTree = "<group>";
		};
		D2138D272B994D020066F311 /* 09_协议_协议的组合 */ = {
			isa = PBXGroup;
			children = (
				D2138D282B994D020066F311 /* main.swift */,
			);
			path = "09_协议_协议的组合";
			sourceTree = "<group>";
		};
		D2A3A0692B93E980006B416C = {
			isa = PBXGroup;
			children = (
				D2A3A0742B93E980006B416C /* Lesson_11_可选连_协议_元类型 */,
				D2A3A08E2B93E9AA006B416C /* 01_可选连相关知识点 */,
				D2A3A0992B953D3F006B416C /* 02_协议_01 */,
				D2A3A0A42B95429E006B416C /* 03_协议_协议中的属性 */,
				D2A3A0AF2B954AD4006B416C /* 04_协议_协议中的static和class */,
				D2A3A0BA2B954FDC006B416C /* 05_协议_mutating */,
				D2A3A0C52B95535B006B416C /* 06_协议_协议中定义初始化器init */,
				D2138D112B987C570066F311 /* 07_协议_可失败初始化器 */,
				D2138D1C2B994BEC0066F311 /* 08_协议_协议可以继承 */,
				D2138D272B994D020066F311 /* 09_协议_协议的组合 */,
				D2A3A0732B93E980006B416C /* Products */,
			);
			sourceTree = "<group>";
		};
		D2A3A0732B93E980006B416C /* Products */ = {
			isa = PBXGroup;
			children = (
				D2A3A0722B93E980006B416C /* Lesson_11_可选连_协议_元类型.app */,
				D2A3A08D2B93E9AA006B416C /* 01_可选连相关知识点 */,
				D2A3A0982B953D3F006B416C /* 02_协议_01 */,
				D2A3A0A32B95429E006B416C /* 03_协议_协议中的属性 */,
				D2A3A0AE2B954AD4006B416C /* 04_协议_协议中的static和class */,
				D2A3A0B92B954FDC006B416C /* 05_协议_mutating */,
				D2A3A0C42B95535B006B416C /* 06_协议_协议中定义初始化器init */,
				D2138D102B987C570066F311 /* 07_协议_可失败初始化器 */,
				D2138D1B2B994BEC0066F311 /* 08_协议_协议可以继承 */,
				D2138D262B994D020066F311 /* 09_协议_协议的组合 */,
			);
			name = Products;
			sourceTree = "<group>";
		};
		D2A3A0742B93E980006B416C /* Lesson_11_可选连_协议_元类型 */ = {
			isa = PBXGroup;
			children = (
				D2A3A0752B93E980006B416C /* AppDelegate.swift */,
				D2A3A0772B93E980006B416C /* SceneDelegate.swift */,
				D2A3A0792B93E980006B416C /* ViewController.swift */,
				D2A3A07B2B93E980006B416C /* Main.storyboard */,
				D2A3A07E2B93E980006B416C /* Assets.xcassets */,
				D2A3A0802B93E980006B416C /* LaunchScreen.storyboard */,
				D2A3A0832B93E980006B416C /* Info.plist */,
			);
			path = "Lesson_11_可选连_协议_元类型";
			sourceTree = "<group>";
		};
		D2A3A08E2B93E9AA006B416C /* 01_可选连相关知识点 */ = {
			isa = PBXGroup;
			children = (
				D2A3A08F2B93E9AA006B416C /* main.swift */,
			);
			path = "01_可选连相关知识点";
			sourceTree = "<group>";
		};
		D2A3A0992B953D3F006B416C /* 02_协议_01 */ = {
			isa = PBXGroup;
			children = (
				D2A3A09A2B953D3F006B416C /* main.swift */,
			);
			path = "02_协议_01";
			sourceTree = "<group>";
		};
		D2A3A0A42B95429E006B416C /* 03_协议_协议中的属性 */ = {
			isa = PBXGroup;
			children = (
				D2A3A0A52B95429E006B416C /* main.swift */,
			);
			path = "03_协议_协议中的属性";
			sourceTree = "<group>";
		};
		D2A3A0AF2B954AD4006B416C /* 04_协议_协议中的static和class */ = {
			isa = PBXGroup;
			children = (
				D2A3A0B02B954AD4006B416C /* main.swift */,
			);
			path = "04_协议_协议中的static和class";
			sourceTree = "<group>";
		};
		D2A3A0BA2B954FDC006B416C /* 05_协议_mutating */ = {
			isa = PBXGroup;
			children = (
				D2A3A0BB2B954FDC006B416C /* main.swift */,
			);
			path = "05_协议_mutating";
			sourceTree = "<group>";
		};
		D2A3A0C52B95535B006B416C /* 06_协议_协议中定义初始化器init */ = {
			isa = PBXGroup;
			children = (
				D2A3A0C62B95535B006B416C /* main.swift */,
			);
			path = "06_协议_协议中定义初始化器init";
			sourceTree = "<group>";
		};
/* End PBXGroup section */

/* Begin PBXNativeTarget section */
		D2138D0F2B987C570066F311 /* 07_协议_可失败初始化器 */ = {
			isa = PBXNativeTarget;
			buildConfigurationList = D2138D162B987C570066F311 /* Build configuration list for PBXNativeTarget "07_协议_可失败初始化器" */;
			buildPhases = (
				D2138D0C2B987C570066F311 /* Sources */,
				D2138D0D2B987C570066F311 /* Frameworks */,
				D2138D0E2B987C570066F311 /* CopyFiles */,
			);
			buildRules = (
			);
			dependencies = (
			);
			name = "07_协议_可失败初始化器";
			productName = "07_协议_可失败初始化器";
			productReference = D2138D102B987C570066F311 /* 07_协议_可失败初始化器 */;
			productType = "com.apple.product-type.tool";
		};
		D2138D1A2B994BEC0066F311 /* 08_协议_协议可以继承 */ = {
			isa = PBXNativeTarget;
			buildConfigurationList = D2138D1F2B994BEC0066F311 /* Build configuration list for PBXNativeTarget "08_协议_协议可以继承" */;
			buildPhases = (
				D2138D172B994BEC0066F311 /* Sources */,
				D2138D182B994BEC0066F311 /* Frameworks */,
				D2138D192B994BEC0066F311 /* CopyFiles */,
			);
			buildRules = (
			);
			dependencies = (
			);
			name = "08_协议_协议可以继承";
			productName = "08_协议_协议可以继承";
			productReference = D2138D1B2B994BEC0066F311 /* 08_协议_协议可以继承 */;
			productType = "com.apple.product-type.tool";
		};
		D2138D252B994D020066F311 /* 09_协议_协议的组合 */ = {
			isa = PBXNativeTarget;
			buildConfigurationList = D2138D2A2B994D020066F311 /* Build configuration list for PBXNativeTarget "09_协议_协议的组合" */;
			buildPhases = (
				D2138D222B994D020066F311 /* Sources */,
				D2138D232B994D020066F311 /* Frameworks */,
				D2138D242B994D020066F311 /* CopyFiles */,
			);
			buildRules = (
			);
			dependencies = (
			);
			name = "09_协议_协议的组合";
			productName = "09_协议_协议的组合";
			productReference = D2138D262B994D020066F311 /* 09_协议_协议的组合 */;
			productType = "com.apple.product-type.tool";
		};
		D2A3A0712B93E980006B416C /* Lesson_11_可选连_协议_元类型 */ = {
			isa = PBXNativeTarget;
			buildConfigurationList = D2A3A0862B93E980006B416C /* Build configuration list for PBXNativeTarget "Lesson_11_可选连_协议_元类型" */;
			buildPhases = (
				D2A3A06E2B93E980006B416C /* Sources */,
				D2A3A06F2B93E980006B416C /* Frameworks */,
				D2A3A0702B93E980006B416C /* Resources */,
			);
			buildRules = (
			);
			dependencies = (
			);
			name = "Lesson_11_可选连_协议_元类型";
			productName = "Lesson_11_可选连_协议_元类型";
			productReference = D2A3A0722B93E980006B416C /* Lesson_11_可选连_协议_元类型.app */;
			productType = "com.apple.product-type.application";
		};
		D2A3A08C2B93E9AA006B416C /* 01_可选连相关知识点 */ = {
			isa = PBXNativeTarget;
			buildConfigurationList = D2A3A0912B93E9AA006B416C /* Build configuration list for PBXNativeTarget "01_可选连相关知识点" */;
			buildPhases = (
				D2A3A0892B93E9AA006B416C /* Sources */,
				D2A3A08A2B93E9AA006B416C /* Frameworks */,
				D2A3A08B2B93E9AA006B416C /* CopyFiles */,
			);
			buildRules = (
			);
			dependencies = (
			);
			name = "01_可选连相关知识点";
			productName = "01_可选连相关知识点";
			productReference = D2A3A08D2B93E9AA006B416C /* 01_可选连相关知识点 */;
			productType = "com.apple.product-type.tool";
		};
		D2A3A0972B953D3F006B416C /* 02_协议_01 */ = {
			isa = PBXNativeTarget;
			buildConfigurationList = D2A3A09C2B953D3F006B416C /* Build configuration list for PBXNativeTarget "02_协议_01" */;
			buildPhases = (
				D2A3A0942B953D3F006B416C /* Sources */,
				D2A3A0952B953D3F006B416C /* Frameworks */,
				D2A3A0962B953D3F006B416C /* CopyFiles */,
			);
			buildRules = (
			);
			dependencies = (
			);
			name = "02_协议_01";
			productName = "02_协议_01";
			productReference = D2A3A0982B953D3F006B416C /* 02_协议_01 */;
			productType = "com.apple.product-type.tool";
		};
		D2A3A0A22B95429E006B416C /* 03_协议_协议中的属性 */ = {
			isa = PBXNativeTarget;
			buildConfigurationList = D2A3A0A72B95429E006B416C /* Build configuration list for PBXNativeTarget "03_协议_协议中的属性" */;
			buildPhases = (
				D2A3A09F2B95429E006B416C /* Sources */,
				D2A3A0A02B95429E006B416C /* Frameworks */,
				D2A3A0A12B95429E006B416C /* CopyFiles */,
			);
			buildRules = (
			);
			dependencies = (
			);
			name = "03_协议_协议中的属性";
			productName = "03_协议_协议中的属性";
			productReference = D2A3A0A32B95429E006B416C /* 03_协议_协议中的属性 */;
			productType = "com.apple.product-type.tool";
		};
		D2A3A0AD2B954AD4006B416C /* 04_协议_协议中的static和class */ = {
			isa = PBXNativeTarget;
			buildConfigurationList = D2A3A0B22B954AD4006B416C /* Build configuration list for PBXNativeTarget "04_协议_协议中的static和class" */;
			buildPhases = (
				D2A3A0AA2B954AD4006B416C /* Sources */,
				D2A3A0AB2B954AD4006B416C /* Frameworks */,
				D2A3A0AC2B954AD4006B416C /* CopyFiles */,
			);
			buildRules = (
			);
			dependencies = (
			);
			name = "04_协议_协议中的static和class";
			productName = "04_协议_协议中的static和class";
			productReference = D2A3A0AE2B954AD4006B416C /* 04_协议_协议中的static和class */;
			productType = "com.apple.product-type.tool";
		};
		D2A3A0B82B954FDC006B416C /* 05_协议_mutating */ = {
			isa = PBXNativeTarget;
			buildConfigurationList = D2A3A0BD2B954FDC006B416C /* Build configuration list for PBXNativeTarget "05_协议_mutating" */;
			buildPhases = (
				D2A3A0B52B954FDC006B416C /* Sources */,
				D2A3A0B62B954FDC006B416C /* Frameworks */,
				D2A3A0B72B954FDC006B416C /* CopyFiles */,
			);
			buildRules = (
			);
			dependencies = (
			);
			name = "05_协议_mutating";
			productName = "05_协议_mutating";
			productReference = D2A3A0B92B954FDC006B416C /* 05_协议_mutating */;
			productType = "com.apple.product-type.tool";
		};
		D2A3A0C32B95535B006B416C /* 06_协议_协议中定义初始化器init */ = {
			isa = PBXNativeTarget;
			buildConfigurationList = D2A3A0C82B95535B006B416C /* Build configuration list for PBXNativeTarget "06_协议_协议中定义初始化器init" */;
			buildPhases = (
				D2A3A0C02B95535B006B416C /* Sources */,
				D2A3A0C12B95535B006B416C /* Frameworks */,
				D2A3A0C22B95535B006B416C /* CopyFiles */,
			);
			buildRules = (
			);
			dependencies = (
			);
			name = "06_协议_协议中定义初始化器init";
			productName = "06_协议_协议中定义初始化器init";
			productReference = D2A3A0C42B95535B006B416C /* 06_协议_协议中定义初始化器init */;
			productType = "com.apple.product-type.tool";
		};
/* End PBXNativeTarget section */

/* Begin PBXProject section */
		D2A3A06A2B93E980006B416C /* Project object */ = {
			isa = PBXProject;
			attributes = {
				BuildIndependentTargetsInParallel = 1;
				LastSwiftUpdateCheck = 1430;
				LastUpgradeCheck = 1430;
				TargetAttributes = {
					D2138D0F2B987C570066F311 = {
						CreatedOnToolsVersion = 14.3.1;
					};
					D2138D1A2B994BEC0066F311 = {
						CreatedOnToolsVersion = 14.3.1;
					};
					D2138D252B994D020066F311 = {
						CreatedOnToolsVersion = 14.3.1;
					};
					D2A3A0712B93E980006B416C = {
						CreatedOnToolsVersion = 14.3.1;
					};
					D2A3A08C2B93E9AA006B416C = {
						CreatedOnToolsVersion = 14.3.1;
					};
					D2A3A0972B953D3F006B416C = {
						CreatedOnToolsVersion = 14.3.1;
					};
					D2A3A0A22B95429E006B416C = {
						CreatedOnToolsVersion = 14.3.1;
					};
					D2A3A0AD2B954AD4006B416C = {
						CreatedOnToolsVersion = 14.3.1;
					};
					D2A3A0B82B954FDC006B416C = {
						CreatedOnToolsVersion = 14.3.1;
					};
					D2A3A0C32B95535B006B416C = {
						CreatedOnToolsVersion = 14.3.1;
					};
				};
			};
			buildConfigurationList = D2A3A06D2B93E980006B416C /* Build configuration list for PBXProject "Lesson_11_可选连_协议_元类型" */;
			compatibilityVersion = "Xcode 14.0";
			developmentRegion = en;
			hasScannedForEncodings = 0;
			knownRegions = (
				en,
				Base,
			);
			mainGroup = D2A3A0692B93E980006B416C;
			productRefGroup = D2A3A0732B93E980006B416C /* Products */;
			projectDirPath = "";
			projectRoot = "";
			targets = (
				D2A3A0712B93E980006B416C /* Lesson_11_可选连_协议_元类型 */,
				D2A3A08C2B93E9AA006B416C /* 01_可选连相关知识点 */,
				D2A3A0972B953D3F006B416C /* 02_协议_01 */,
				D2A3A0A22B95429E006B416C /* 03_协议_协议中的属性 */,
				D2A3A0AD2B954AD4006B416C /* 04_协议_协议中的static和class */,
				D2A3A0B82B954FDC006B416C /* 05_协议_mutating */,
				D2A3A0C32B95535B006B416C /* 06_协议_协议中定义初始化器init */,
				D2138D0F2B987C570066F311 /* 07_协议_可失败初始化器 */,
				D2138D1A2B994BEC0066F311 /* 08_协议_协议可以继承 */,
				D2138D252B994D020066F311 /* 09_协议_协议的组合 */,
			);
		};
/* End PBXProject section */

/* Begin PBXResourcesBuildPhase section */
		D2A3A0702B93E980006B416C /* Resources */ = {
			isa = PBXResourcesBuildPhase;
			buildActionMask = 2147483647;
			files = (
				D2A3A0822B93E980006B416C /* LaunchScreen.storyboard in Resources */,
				D2A3A07F2B93E980006B416C /* Assets.xcassets in Resources */,
				D2A3A07D2B93E980006B416C /* Main.storyboard in Resources */,
			);
			runOnlyForDeploymentPostprocessing = 0;
		};
/* End PBXResourcesBuildPhase section */

/* Begin PBXSourcesBuildPhase section */
		D2138D0C2B987C570066F311 /* Sources */ = {
			isa = PBXSourcesBuildPhase;
			buildActionMask = 2147483647;
			files = (
				D2138D132B987C570066F311 /* main.swift in Sources */,
			);
			runOnlyForDeploymentPostprocessing = 0;
		};
		D2138D172B994BEC0066F311 /* Sources */ = {
			isa = PBXSourcesBuildPhase;
			buildActionMask = 2147483647;
			files = (
				D2138D1E2B994BEC0066F311 /* main.swift in Sources */,
			);
			runOnlyForDeploymentPostprocessing = 0;
		};
		D2138D222B994D020066F311 /* Sources */ = {
			isa = PBXSourcesBuildPhase;
			buildActionMask = 2147483647;
			files = (
				D2138D292B994D020066F311 /* main.swift in Sources */,
			);
			runOnlyForDeploymentPostprocessing = 0;
		};
		D2A3A06E2B93E980006B416C /* Sources */ = {
			isa = PBXSourcesBuildPhase;
			buildActionMask = 2147483647;
			files = (
				D2A3A07A2B93E980006B416C /* ViewController.swift in Sources */,
				D2A3A0762B93E980006B416C /* AppDelegate.swift in Sources */,
				D2A3A0782B93E980006B416C /* SceneDelegate.swift in Sources */,
			);
			runOnlyForDeploymentPostprocessing = 0;
		};
		D2A3A0892B93E9AA006B416C /* Sources */ = {
			isa = PBXSourcesBuildPhase;
			buildActionMask = 2147483647;
			files = (
				D2A3A0902B93E9AA006B416C /* main.swift in Sources */,
			);
			runOnlyForDeploymentPostprocessing = 0;
		};
		D2A3A0942B953D3F006B416C /* Sources */ = {
			isa = PBXSourcesBuildPhase;
			buildActionMask = 2147483647;
			files = (
				D2A3A09B2B953D3F006B416C /* main.swift in Sources */,
			);
			runOnlyForDeploymentPostprocessing = 0;
		};
		D2A3A09F2B95429E006B416C /* Sources */ = {
			isa = PBXSourcesBuildPhase;
			buildActionMask = 2147483647;
			files = (
				D2A3A0A62B95429E006B416C /* main.swift in Sources */,
			);
			runOnlyForDeploymentPostprocessing = 0;
		};
		D2A3A0AA2B954AD4006B416C /* Sources */ = {
			isa = PBXSourcesBuildPhase;
			buildActionMask = 2147483647;
			files = (
				D2A3A0B12B954AD4006B416C /* main.swift in Sources */,
			);
			runOnlyForDeploymentPostprocessing = 0;
		};
		D2A3A0B52B954FDC006B416C /* Sources */ = {
			isa = PBXSourcesBuildPhase;
			buildActionMask = 2147483647;
			files = (
				D2A3A0BC2B954FDC006B416C /* main.swift in Sources */,
			);
			runOnlyForDeploymentPostprocessing = 0;
		};
		D2A3A0C02B95535B006B416C /* Sources */ = {
			isa = PBXSourcesBuildPhase;
			buildActionMask = 2147483647;
			files = (
				D2A3A0C72B95535B006B416C /* main.swift in Sources */,
			);
			runOnlyForDeploymentPostprocessing = 0;
		};
/* End PBXSourcesBuildPhase section */

/* Begin PBXVariantGroup section */
		D2A3A07B2B93E980006B416C /* Main.storyboard */ = {
			isa = PBXVariantGroup;
			children = (
				D2A3A07C2B93E980006B416C /* Base */,
			);
			name = Main.storyboard;
			sourceTree = "<group>";
		};
		D2A3A0802B93E980006B416C /* LaunchScreen.storyboard */ = {
			isa = PBXVariantGroup;
			children = (
				D2A3A0812B93E980006B416C /* Base */,
			);
			name = LaunchScreen.storyboard;
			sourceTree = "<group>";
		};
/* End PBXVariantGroup section */

/* Begin XCBuildConfiguration section */
		D2138D142B987C570066F311 /* Debug */ = {
			isa = XCBuildConfiguration;
			buildSettings = {
				CODE_SIGN_STYLE = Automatic;
				MACOSX_DEPLOYMENT_TARGET = 13.3;
				PRODUCT_NAME = "$(TARGET_NAME)";
				SDKROOT = macosx;
				SWIFT_VERSION = 5.0;
			};
			name = Debug;
		};
		D2138D152B987C570066F311 /* Release */ = {
			isa = XCBuildConfiguration;
			buildSettings = {
				CODE_SIGN_STYLE = Automatic;
				MACOSX_DEPLOYMENT_TARGET = 13.3;
				PRODUCT_NAME = "$(TARGET_NAME)";
				SDKROOT = macosx;
				SWIFT_VERSION = 5.0;
			};
			name = Release;
		};
		D2138D202B994BEC0066F311 /* Debug */ = {
			isa = XCBuildConfiguration;
			buildSettings = {
				CODE_SIGN_STYLE = Automatic;
				MACOSX_DEPLOYMENT_TARGET = 13.3;
				PRODUCT_NAME = "$(TARGET_NAME)";
				SDKROOT = macosx;
				SWIFT_VERSION = 5.0;
			};
			name = Debug;
		};
		D2138D212B994BEC0066F311 /* Release */ = {
			isa = XCBuildConfiguration;
			buildSettings = {
				CODE_SIGN_STYLE = Automatic;
				MACOSX_DEPLOYMENT_TARGET = 13.3;
				PRODUCT_NAME = "$(TARGET_NAME)";
				SDKROOT = macosx;
				SWIFT_VERSION = 5.0;
			};
			name = Release;
		};
		D2138D2B2B994D020066F311 /* Debug */ = {
			isa = XCBuildConfiguration;
			buildSettings = {
				CODE_SIGN_STYLE = Automatic;
				MACOSX_DEPLOYMENT_TARGET = 13.3;
				PRODUCT_NAME = "$(TARGET_NAME)";
				SDKROOT = macosx;
				SWIFT_VERSION = 5.0;
			};
			name = Debug;
		};
		D2138D2C2B994D020066F311 /* Release */ = {
			isa = XCBuildConfiguration;
			buildSettings = {
				CODE_SIGN_STYLE = Automatic;
				MACOSX_DEPLOYMENT_TARGET = 13.3;
				PRODUCT_NAME = "$(TARGET_NAME)";
				SDKROOT = macosx;
				SWIFT_VERSION = 5.0;
			};
			name = Release;
		};
		D2A3A0842B93E980006B416C /* Debug */ = {
			isa = XCBuildConfiguration;
			buildSettings = {
				ALWAYS_SEARCH_USER_PATHS = NO;
				CLANG_ANALYZER_NONNULL = YES;
				CLANG_ANALYZER_NUMBER_OBJECT_CONVERSION = YES_AGGRESSIVE;
				CLANG_CXX_LANGUAGE_STANDARD = "gnu++20";
				CLANG_ENABLE_MODULES = YES;
				CLANG_ENABLE_OBJC_ARC = YES;
				CLANG_ENABLE_OBJC_WEAK = YES;
				CLANG_WARN_BLOCK_CAPTURE_AUTORELEASING = YES;
				CLANG_WARN_BOOL_CONVERSION = YES;
				CLANG_WARN_COMMA = YES;
				CLANG_WARN_CONSTANT_CONVERSION = YES;
				CLANG_WARN_DEPRECATED_OBJC_IMPLEMENTATIONS = YES;
				CLANG_WARN_DIRECT_OBJC_ISA_USAGE = YES_ERROR;
				CLANG_WARN_DOCUMENTATION_COMMENTS = YES;
				CLANG_WARN_EMPTY_BODY = YES;
				CLANG_WARN_ENUM_CONVERSION = YES;
				CLANG_WARN_INFINITE_RECURSION = YES;
				CLANG_WARN_INT_CONVERSION = YES;
				CLANG_WARN_NON_LITERAL_NULL_CONVERSION = YES;
				CLANG_WARN_OBJC_IMPLICIT_RETAIN_SELF = YES;
				CLANG_WARN_OBJC_LITERAL_CONVERSION = YES;
				CLANG_WARN_OBJC_ROOT_CLASS = YES_ERROR;
				CLANG_WARN_QUOTED_INCLUDE_IN_FRAMEWORK_HEADER = YES;
				CLANG_WARN_RANGE_LOOP_ANALYSIS = YES;
				CLANG_WARN_STRICT_PROTOTYPES = YES;
				CLANG_WARN_SUSPICIOUS_MOVE = YES;
				CLANG_WARN_UNGUARDED_AVAILABILITY = YES_AGGRESSIVE;
				CLANG_WARN_UNREACHABLE_CODE = YES;
				CLANG_WARN__DUPLICATE_METHOD_MATCH = YES;
				COPY_PHASE_STRIP = NO;
				DEBUG_INFORMATION_FORMAT = dwarf;
				ENABLE_STRICT_OBJC_MSGSEND = YES;
				ENABLE_TESTABILITY = YES;
				GCC_C_LANGUAGE_STANDARD = gnu11;
				GCC_DYNAMIC_NO_PIC = NO;
				GCC_NO_COMMON_BLOCKS = YES;
				GCC_OPTIMIZATION_LEVEL = 0;
				GCC_PREPROCESSOR_DEFINITIONS = (
					"DEBUG=1",
					"$(inherited)",
				);
				GCC_WARN_64_TO_32_BIT_CONVERSION = YES;
				GCC_WARN_ABOUT_RETURN_TYPE = YES_ERROR;
				GCC_WARN_UNDECLARED_SELECTOR = YES;
				GCC_WARN_UNINITIALIZED_AUTOS = YES_AGGRESSIVE;
				GCC_WARN_UNUSED_FUNCTION = YES;
				GCC_WARN_UNUSED_VARIABLE = YES;
				IPHONEOS_DEPLOYMENT_TARGET = 16.4;
				MTL_ENABLE_DEBUG_INFO = INCLUDE_SOURCE;
				MTL_FAST_MATH = YES;
				ONLY_ACTIVE_ARCH = YES;
				SDKROOT = iphoneos;
				SWIFT_ACTIVE_COMPILATION_CONDITIONS = DEBUG;
				SWIFT_OPTIMIZATION_LEVEL = "-Onone";
			};
			name = Debug;
		};
		D2A3A0852B93E980006B416C /* Release */ = {
			isa = XCBuildConfiguration;
			buildSettings = {
				ALWAYS_SEARCH_USER_PATHS = NO;
				CLANG_ANALYZER_NONNULL = YES;
				CLANG_ANALYZER_NUMBER_OBJECT_CONVERSION = YES_AGGRESSIVE;
				CLANG_CXX_LANGUAGE_STANDARD = "gnu++20";
				CLANG_ENABLE_MODULES = YES;
				CLANG_ENABLE_OBJC_ARC = YES;
				CLANG_ENABLE_OBJC_WEAK = YES;
				CLANG_WARN_BLOCK_CAPTURE_AUTORELEASING = YES;
				CLANG_WARN_BOOL_CONVERSION = YES;
				CLANG_WARN_COMMA = YES;
				CLANG_WARN_CONSTANT_CONVERSION = YES;
				CLANG_WARN_DEPRECATED_OBJC_IMPLEMENTATIONS = YES;
				CLANG_WARN_DIRECT_OBJC_ISA_USAGE = YES_ERROR;
				CLANG_WARN_DOCUMENTATION_COMMENTS = YES;
				CLANG_WARN_EMPTY_BODY = YES;
				CLANG_WARN_ENUM_CONVERSION = YES;
				CLANG_WARN_INFINITE_RECURSION = YES;
				CLANG_WARN_INT_CONVERSION = YES;
				CLANG_WARN_NON_LITERAL_NULL_CONVERSION = YES;
				CLANG_WARN_OBJC_IMPLICIT_RETAIN_SELF = YES;
				CLANG_WARN_OBJC_LITERAL_CONVERSION = YES;
				CLANG_WARN_OBJC_ROOT_CLASS = YES_ERROR;
				CLANG_WARN_QUOTED_INCLUDE_IN_FRAMEWORK_HEADER = YES;
				CLANG_WARN_RANGE_LOOP_ANALYSIS = YES;
				CLANG_WARN_STRICT_PROTOTYPES = YES;
				CLANG_WARN_SUSPICIOUS_MOVE = YES;
				CLANG_WARN_UNGUARDED_AVAILABILITY = YES_AGGRESSIVE;
				CLANG_WARN_UNREACHABLE_CODE = YES;
				CLANG_WARN__DUPLICATE_METHOD_MATCH = YES;
				COPY_PHASE_STRIP = NO;
				DEBUG_INFORMATION_FORMAT = "dwarf-with-dsym";
				ENABLE_NS_ASSERTIONS = NO;
				ENABLE_STRICT_OBJC_MSGSEND = YES;
				GCC_C_LANGUAGE_STANDARD = gnu11;
				GCC_NO_COMMON_BLOCKS = YES;
				GCC_WARN_64_TO_32_BIT_CONVERSION = YES;
				GCC_WARN_ABOUT_RETURN_TYPE = YES_ERROR;
				GCC_WARN_UNDECLARED_SELECTOR = YES;
				GCC_WARN_UNINITIALIZED_AUTOS = YES_AGGRESSIVE;
				GCC_WARN_UNUSED_FUNCTION = YES;
				GCC_WARN_UNUSED_VARIABLE = YES;
				IPHONEOS_DEPLOYMENT_TARGET = 16.4;
				MTL_ENABLE_DEBUG_INFO = NO;
				MTL_FAST_MATH = YES;
				SDKROOT = iphoneos;
				SWIFT_COMPILATION_MODE = wholemodule;
				SWIFT_OPTIMIZATION_LEVEL = "-O";
				VALIDATE_PRODUCT = YES;
			};
			name = Release;
		};
		D2A3A0872B93E980006B416C /* Debug */ = {
			isa = XCBuildConfiguration;
			buildSettings = {
				ASSETCATALOG_COMPILER_APPICON_NAME = AppIcon;
				ASSETCATALOG_COMPILER_GLOBAL_ACCENT_COLOR_NAME = AccentColor;
				CODE_SIGN_STYLE = Automatic;
				CURRENT_PROJECT_VERSION = 1;
				GENERATE_INFOPLIST_FILE = YES;
				INFOPLIST_FILE = "Lesson_11_可选连_协议_元类型/Info.plist";
				INFOPLIST_KEY_UIApplicationSupportsIndirectInputEvents = YES;
				INFOPLIST_KEY_UILaunchStoryboardName = LaunchScreen;
				INFOPLIST_KEY_UIMainStoryboardFile = Main;
				INFOPLIST_KEY_UISupportedInterfaceOrientations_iPad = "UIInterfaceOrientationPortrait UIInterfaceOrientationPortraitUpsideDown UIInterfaceOrientationLandscapeLeft UIInterfaceOrientationLandscapeRight";
				INFOPLIST_KEY_UISupportedInterfaceOrientations_iPhone = "UIInterfaceOrientationPortrait UIInterfaceOrientationLandscapeLeft UIInterfaceOrientationLandscapeRight";
				LD_RUNPATH_SEARCH_PATHS = (
					"$(inherited)",
					"@executable_path/Frameworks",
				);
				MARKETING_VERSION = 1.0;
				PRODUCT_BUNDLE_IDENTIFIER = "com.qb.com.Lesson-11-----------";
				PRODUCT_NAME = "$(TARGET_NAME)";
				SWIFT_EMIT_LOC_STRINGS = YES;
				SWIFT_VERSION = 5.0;
				TARGETED_DEVICE_FAMILY = "1,2";
			};
			name = Debug;
		};
		D2A3A0882B93E980006B416C /* Release */ = {
			isa = XCBuildConfiguration;
			buildSettings = {
				ASSETCATALOG_COMPILER_APPICON_NAME = AppIcon;
				ASSETCATALOG_COMPILER_GLOBAL_ACCENT_COLOR_NAME = AccentColor;
				CODE_SIGN_STYLE = Automatic;
				CURRENT_PROJECT_VERSION = 1;
				GENERATE_INFOPLIST_FILE = YES;
				INFOPLIST_FILE = "Lesson_11_可选连_协议_元类型/Info.plist";
				INFOPLIST_KEY_UIApplicationSupportsIndirectInputEvents = YES;
				INFOPLIST_KEY_UILaunchStoryboardName = LaunchScreen;
				INFOPLIST_KEY_UIMainStoryboardFile = Main;
				INFOPLIST_KEY_UISupportedInterfaceOrientations_iPad = "UIInterfaceOrientationPortrait UIInterfaceOrientationPortraitUpsideDown UIInterfaceOrientationLandscapeLeft UIInterfaceOrientationLandscapeRight";
				INFOPLIST_KEY_UISupportedInterfaceOrientations_iPhone = "UIInterfaceOrientationPortrait UIInterfaceOrientationLandscapeLeft UIInterfaceOrientationLandscapeRight";
				LD_RUNPATH_SEARCH_PATHS = (
					"$(inherited)",
					"@executable_path/Frameworks",
				);
				MARKETING_VERSION = 1.0;
				PRODUCT_BUNDLE_IDENTIFIER = "com.qb.com.Lesson-11-----------";
				PRODUCT_NAME = "$(TARGET_NAME)";
				SWIFT_EMIT_LOC_STRINGS = YES;
				SWIFT_VERSION = 5.0;
				TARGETED_DEVICE_FAMILY = "1,2";
			};
			name = Release;
		};
		D2A3A0922B93E9AA006B416C /* Debug */ = {
			isa = XCBuildConfiguration;
			buildSettings = {
				CODE_SIGN_STYLE = Automatic;
				MACOSX_DEPLOYMENT_TARGET = 13.3;
				PRODUCT_NAME = "$(TARGET_NAME)";
				SDKROOT = macosx;
				SWIFT_VERSION = 5.0;
			};
			name = Debug;
		};
		D2A3A0932B93E9AA006B416C /* Release */ = {
			isa = XCBuildConfiguration;
			buildSettings = {
				CODE_SIGN_STYLE = Automatic;
				MACOSX_DEPLOYMENT_TARGET = 13.3;
				PRODUCT_NAME = "$(TARGET_NAME)";
				SDKROOT = macosx;
				SWIFT_VERSION = 5.0;
			};
			name = Release;
		};
		D2A3A09D2B953D3F006B416C /* Debug */ = {
			isa = XCBuildConfiguration;
			buildSettings = {
				CODE_SIGN_STYLE = Automatic;
				MACOSX_DEPLOYMENT_TARGET = 13.3;
				PRODUCT_NAME = "$(TARGET_NAME)";
				SDKROOT = macosx;
				SWIFT_VERSION = 5.0;
			};
			name = Debug;
		};
		D2A3A09E2B953D3F006B416C /* Release */ = {
			isa = XCBuildConfiguration;
			buildSettings = {
				CODE_SIGN_STYLE = Automatic;
				MACOSX_DEPLOYMENT_TARGET = 13.3;
				PRODUCT_NAME = "$(TARGET_NAME)";
				SDKROOT = macosx;
				SWIFT_VERSION = 5.0;
			};
			name = Release;
		};
		D2A3A0A82B95429E006B416C /* Debug */ = {
			isa = XCBuildConfiguration;
			buildSettings = {
				CODE_SIGN_STYLE = Automatic;
				MACOSX_DEPLOYMENT_TARGET = 13.3;
				PRODUCT_NAME = "$(TARGET_NAME)";
				SDKROOT = macosx;
				SWIFT_VERSION = 5.0;
			};
			name = Debug;
		};
		D2A3A0A92B95429E006B416C /* Release */ = {
			isa = XCBuildConfiguration;
			buildSettings = {
				CODE_SIGN_STYLE = Automatic;
				MACOSX_DEPLOYMENT_TARGET = 13.3;
				PRODUCT_NAME = "$(TARGET_NAME)";
				SDKROOT = macosx;
				SWIFT_VERSION = 5.0;
			};
			name = Release;
		};
		D2A3A0B32B954AD4006B416C /* Debug */ = {
			isa = XCBuildConfiguration;
			buildSettings = {
				CODE_SIGN_STYLE = Automatic;
				MACOSX_DEPLOYMENT_TARGET = 13.3;
				PRODUCT_NAME = "$(TARGET_NAME)";
				SDKROOT = macosx;
				SWIFT_VERSION = 5.0;
			};
			name = Debug;
		};
		D2A3A0B42B954AD4006B416C /* Release */ = {
			isa = XCBuildConfiguration;
			buildSettings = {
				CODE_SIGN_STYLE = Automatic;
				MACOSX_DEPLOYMENT_TARGET = 13.3;
				PRODUCT_NAME = "$(TARGET_NAME)";
				SDKROOT = macosx;
				SWIFT_VERSION = 5.0;
			};
			name = Release;
		};
		D2A3A0BE2B954FDC006B416C /* Debug */ = {
			isa = XCBuildConfiguration;
			buildSettings = {
				CODE_SIGN_STYLE = Automatic;
				MACOSX_DEPLOYMENT_TARGET = 13.3;
				PRODUCT_NAME = "$(TARGET_NAME)";
				SDKROOT = macosx;
				SWIFT_VERSION = 5.0;
			};
			name = Debug;
		};
		D2A3A0BF2B954FDC006B416C /* Release */ = {
			isa = XCBuildConfiguration;
			buildSettings = {
				CODE_SIGN_STYLE = Automatic;
				MACOSX_DEPLOYMENT_TARGET = 13.3;
				PRODUCT_NAME = "$(TARGET_NAME)";
				SDKROOT = macosx;
				SWIFT_VERSION = 5.0;
			};
			name = Release;
		};
		D2A3A0C92B95535B006B416C /* Debug */ = {
			isa = XCBuildConfiguration;
			buildSettings = {
				CODE_SIGN_STYLE = Automatic;
				MACOSX_DEPLOYMENT_TARGET = 13.3;
				PRODUCT_NAME = "$(TARGET_NAME)";
				SDKROOT = macosx;
				SWIFT_VERSION = 5.0;
			};
			name = Debug;
		};
		D2A3A0CA2B95535B006B416C /* Release */ = {
			isa = XCBuildConfiguration;
			buildSettings = {
				CODE_SIGN_STYLE = Automatic;
				MACOSX_DEPLOYMENT_TARGET = 13.3;
				PRODUCT_NAME = "$(TARGET_NAME)";
				SDKROOT = macosx;
				SWIFT_VERSION = 5.0;
			};
			name = Release;
		};
/* End XCBuildConfiguration section */

/* Begin XCConfigurationList section */
		D2138D162B987C570066F311 /* Build configuration list for PBXNativeTarget "07_协议_可失败初始化器" */ = {
			isa = XCConfigurationList;
			buildConfigurations = (
				D2138D142B987C570066F311 /* Debug */,
				D2138D152B987C570066F311 /* Release */,
			);
			defaultConfigurationIsVisible = 0;
			defaultConfigurationName = Release;
		};
		D2138D1F2B994BEC0066F311 /* Build configuration list for PBXNativeTarget "08_协议_协议可以继承" */ = {
			isa = XCConfigurationList;
			buildConfigurations = (
				D2138D202B994BEC0066F311 /* Debug */,
				D2138D212B994BEC0066F311 /* Release */,
			);
			defaultConfigurationIsVisible = 0;
			defaultConfigurationName = Release;
		};
		D2138D2A2B994D020066F311 /* Build configuration list for PBXNativeTarget "09_协议_协议的组合" */ = {
			isa = XCConfigurationList;
			buildConfigurations = (
				D2138D2B2B994D020066F311 /* Debug */,
				D2138D2C2B994D020066F311 /* Release */,
			);
			defaultConfigurationIsVisible = 0;
			defaultConfigurationName = Release;
		};
		D2A3A06D2B93E980006B416C /* Build configuration list for PBXProject "Lesson_11_可选连_协议_元类型" */ = {
			isa = XCConfigurationList;
			buildConfigurations = (
				D2A3A0842B93E980006B416C /* Debug */,
				D2A3A0852B93E980006B416C /* Release */,
			);
			defaultConfigurationIsVisible = 0;
			defaultConfigurationName = Release;
		};
		D2A3A0862B93E980006B416C /* Build configuration list for PBXNativeTarget "Lesson_11_可选连_协议_元类型" */ = {
			isa = XCConfigurationList;
			buildConfigurations = (
				D2A3A0872B93E980006B416C /* Debug */,
				D2A3A0882B93E980006B416C /* Release */,
			);
			defaultConfigurationIsVisible = 0;
			defaultConfigurationName = Release;
		};
		D2A3A0912B93E9AA006B416C /* Build configuration list for PBXNativeTarget "01_可选连相关知识点" */ = {
			isa = XCConfigurationList;
			buildConfigurations = (
				D2A3A0922B93E9AA006B416C /* Debug */,
				D2A3A0932B93E9AA006B416C /* Release */,
			);
			defaultConfigurationIsVisible = 0;
			defaultConfigurationName = Release;
		};
		D2A3A09C2B953D3F006B416C /* Build configuration list for PBXNativeTarget "02_协议_01" */ = {
			isa = XCConfigurationList;
			buildConfigurations = (
				D2A3A09D2B953D3F006B416C /* Debug */,
				D2A3A09E2B953D3F006B416C /* Release */,
			);
			defaultConfigurationIsVisible = 0;
			defaultConfigurationName = Release;
		};
		D2A3A0A72B95429E006B416C /* Build configuration list for PBXNativeTarget "03_协议_协议中的属性" */ = {
			isa = XCConfigurationList;
			buildConfigurations = (
				D2A3A0A82B95429E006B416C /* Debug */,
				D2A3A0A92B95429E006B416C /* Release */,
			);
			defaultConfigurationIsVisible = 0;
			defaultConfigurationName = Release;
		};
		D2A3A0B22B954AD4006B416C /* Build configuration list for PBXNativeTarget "04_协议_协议中的static和class" */ = {
			isa = XCConfigurationList;
			buildConfigurations = (
				D2A3A0B32B954AD4006B416C /* Debug */,
				D2A3A0B42B954AD4006B416C /* Release */,
			);
			defaultConfigurationIsVisible = 0;
			defaultConfigurationName = Release;
		};
		D2A3A0BD2B954FDC006B416C /* Build configuration list for PBXNativeTarget "05_协议_mutating" */ = {
			isa = XCConfigurationList;
			buildConfigurations = (
				D2A3A0BE2B954FDC006B416C /* Debug */,
				D2A3A0BF2B954FDC006B416C /* Release */,
			);
			defaultConfigurationIsVisible = 0;
			defaultConfigurationName = Release;
		};
		D2A3A0C82B95535B006B416C /* Build configuration list for PBXNativeTarget "06_协议_协议中定义初始化器init" */ = {
			isa = XCConfigurationList;
			buildConfigurations = (
				D2A3A0C92B95535B006B416C /* Debug */,
				D2A3A0CA2B95535B006B416C /* Release */,
			);
			defaultConfigurationIsVisible = 0;
			defaultConfigurationName = Release;
		};
/* End XCConfigurationList section */
	};
	rootObject = D2A3A06A2B93E980006B416C /* Project object */;
}
