<?xml version="1.0" encoding="UTF-8"?>
<Scheme
   version = "1.3">
   <BuildAction>
      <BuildActionEntries>
         <BuildActionEntry
            buildForRunning = "YES">
            <BuildableReference
               BuildableIdentifier = "primary"
               BlueprintIdentifier = "D2AFA53B2C6CA1A500740852"
               BuildableName = "00_NSObject&#x5360;&#x7528;&#x51e0;&#x4e2a;&#x5b57;&#x8282;&#x8bf4;&#x8d77;"
               BlueprintName = "00_NSObject&#x5360;&#x7528;&#x51e0;&#x4e2a;&#x5b57;&#x8282;&#x8bf4;&#x8d77;"
               ReferencedContainer = "container:01_oc&#x5bf9;&#x8c61;&#x672c;&#x8d28;.xcodeproj">
            </BuildableReference>
         </BuildActionEntry>
      </BuildActionEntries>
   </BuildAction>
   <LaunchAction
      useCustomWorkingDirectory = "NO"
      buildConfiguration = "Debug"
      allowLocationSimulation = "YES">
      <BuildableProductRunnable>
         <BuildableReference
            BuildableIdentifier = "primary"
            BlueprintIdentifier = "D2AFA53B2C6CA1A500740852"
            BuildableName = "00_NSObject&#x5360;&#x7528;&#x51e0;&#x4e2a;&#x5b57;&#x8282;&#x8bf4;&#x8d77;"
            BlueprintName = "00_NSObject&#x5360;&#x7528;&#x51e0;&#x4e2a;&#x5b57;&#x8282;&#x8bf4;&#x8d77;"
            ReferencedContainer = "container:01_oc&#x5bf9;&#x8c61;&#x672c;&#x8d28;.xcodeproj">
         </BuildableReference>
      </BuildableProductRunnable>
   </LaunchAction>
</Scheme>
