// !$*UTF8*$!
{
	archiveVersion = 1;
	classes = {
	};
	objectVersion = 56;
	objects = {

/* Begin PBXBuildFile section */
		D24EB5782C6004270063752A /* main.swift in Sources */ = {isa = PBXBuildFile; fileRef = D24EB5772C6004270063752A /* main.swift */; };
		D24EB5842C6013E50063752A /* main.swift in Sources */ = {isa = PBXBuildFile; fileRef = D24EB5832C6013E50063752A /* main.swift */; };
		D24EB58F2C60194D0063752A /* main.swift in Sources */ = {isa = PBXBuildFile; fileRef = D24EB58E2C60194D0063752A /* main.swift */; };
		D24EB59C2C601EE90063752A /* main.swift in Sources */ = {isa = PBXBuildFile; fileRef = D24EB59B2C601EE90063752A /* main.swift */; };
		D24EB5B32C614FFC0063752A /* main.swift in Sources */ = {isa = PBXBuildFile; fileRef = D24EB5B22C614FFC0063752A /* main.swift */; };
		D24EB5BC2C6164AB0063752A /* Mems.swift in Sources */ = {isa = PBXBuildFile; fileRef = D24EB5BB2C6164AB0063752A /* Mems.swift */; };
		D24EB5C42C61677D0063752A /* main.swift in Sources */ = {isa = PBXBuildFile; fileRef = D24EB5C32C61677D0063752A /* main.swift */; };
		D24EB5D02C616C850063752A /* main.swift in Sources */ = {isa = PBXBuildFile; fileRef = D24EB5CF2C616C850063752A /* main.swift */; };
		D24EB5DC2C616FEE0063752A /* main.swift in Sources */ = {isa = PBXBuildFile; fileRef = D24EB5DB2C616FEE0063752A /* main.swift */; };
/* End PBXBuildFile section */

/* Begin PBXCopyFilesBuildPhase section */
		D24EB5652C5FB9680063752A /* CopyFiles */ = {
			isa = PBXCopyFilesBuildPhase;
			buildActionMask = 2147483647;
			dstPath = /usr/share/man/man1/;
			dstSubfolderSpec = 0;
			files = (
			);
			runOnlyForDeploymentPostprocessing = 1;
		};
		D24EB5732C6004270063752A /* CopyFiles */ = {
			isa = PBXCopyFilesBuildPhase;
			buildActionMask = 2147483647;
			dstPath = /usr/share/man/man1/;
			dstSubfolderSpec = 0;
			files = (
			);
			runOnlyForDeploymentPostprocessing = 1;
		};
		D24EB57F2C6013E50063752A /* CopyFiles */ = {
			isa = PBXCopyFilesBuildPhase;
			buildActionMask = 2147483647;
			dstPath = /usr/share/man/man1/;
			dstSubfolderSpec = 0;
			files = (
			);
			runOnlyForDeploymentPostprocessing = 1;
		};
		D24EB58A2C60194D0063752A /* CopyFiles */ = {
			isa = PBXCopyFilesBuildPhase;
			buildActionMask = 2147483647;
			dstPath = /usr/share/man/man1/;
			dstSubfolderSpec = 0;
			files = (
			);
			runOnlyForDeploymentPostprocessing = 1;
		};
		D24EB5972C601EE90063752A /* CopyFiles */ = {
			isa = PBXCopyFilesBuildPhase;
			buildActionMask = 2147483647;
			dstPath = /usr/share/man/man1/;
			dstSubfolderSpec = 0;
			files = (
			);
			runOnlyForDeploymentPostprocessing = 1;
		};
		D24EB5A32C6031800063752A /* CopyFiles */ = {
			isa = PBXCopyFilesBuildPhase;
			buildActionMask = 2147483647;
			dstPath = /usr/share/man/man1/;
			dstSubfolderSpec = 0;
			files = (
			);
			runOnlyForDeploymentPostprocessing = 1;
		};
		D24EB5AE2C614FFC0063752A /* CopyFiles */ = {
			isa = PBXCopyFilesBuildPhase;
			buildActionMask = 2147483647;
			dstPath = /usr/share/man/man1/;
			dstSubfolderSpec = 0;
			files = (
			);
			runOnlyForDeploymentPostprocessing = 1;
		};
		D24EB5BF2C61677D0063752A /* CopyFiles */ = {
			isa = PBXCopyFilesBuildPhase;
			buildActionMask = 2147483647;
			dstPath = /usr/share/man/man1/;
			dstSubfolderSpec = 0;
			files = (
			);
			runOnlyForDeploymentPostprocessing = 1;
		};
		D24EB5CB2C616C850063752A /* CopyFiles */ = {
			isa = PBXCopyFilesBuildPhase;
			buildActionMask = 2147483647;
			dstPath = /usr/share/man/man1/;
			dstSubfolderSpec = 0;
			files = (
			);
			runOnlyForDeploymentPostprocessing = 1;
		};
		D24EB5D72C616FEE0063752A /* CopyFiles */ = {
			isa = PBXCopyFilesBuildPhase;
			buildActionMask = 2147483647;
			dstPath = /usr/share/man/man1/;
			dstSubfolderSpec = 0;
			files = (
			);
			runOnlyForDeploymentPostprocessing = 1;
		};
/* End PBXCopyFilesBuildPhase section */

/* Begin PBXFileReference section */
		D24EB5672C5FB9680063752A /* Lesson_16_指针篇 */ = {isa = PBXFileReference; explicitFileType = "compiled.mach-o.executable"; includeInIndex = 0; path = "Lesson_16_指针篇"; sourceTree = BUILT_PRODUCTS_DIR; };
		D24EB5752C6004270063752A /* 01_swift专有的指针 */ = {isa = PBXFileReference; explicitFileType = "compiled.mach-o.executable"; includeInIndex = 0; path = "01_swift专有的指针"; sourceTree = BUILT_PRODUCTS_DIR; };
		D24EB5772C6004270063752A /* main.swift */ = {isa = PBXFileReference; lastKnownFileType = sourcecode.swift; path = main.swift; sourceTree = "<group>"; };
		D24EB57C2C6005380063752A /* a_swift中的指针.png */ = {isa = PBXFileReference; lastKnownFileType = image.png; path = "a_swift中的指针.png"; sourceTree = "<group>"; };
		D24EB5812C6013E50063752A /* 02_swift专有指针_不带泛型 */ = {isa = PBXFileReference; explicitFileType = "compiled.mach-o.executable"; includeInIndex = 0; path = "02_swift专有指针_不带泛型"; sourceTree = BUILT_PRODUCTS_DIR; };
		D24EB5832C6013E50063752A /* main.swift */ = {isa = PBXFileReference; lastKnownFileType = sourcecode.swift; path = main.swift; sourceTree = "<group>"; };
		D24EB58C2C60194D0063752A /* 03_指针的应用示例 */ = {isa = PBXFileReference; explicitFileType = "compiled.mach-o.executable"; includeInIndex = 0; path = "03_指针的应用示例"; sourceTree = BUILT_PRODUCTS_DIR; };
		D24EB58E2C60194D0063752A /* main.swift */ = {isa = PBXFileReference; lastKnownFileType = sourcecode.swift; path = main.swift; sourceTree = "<group>"; };
		D24EB5932C6019D20063752A /* a_oc遍历回顾.png */ = {isa = PBXFileReference; lastKnownFileType = image.png; path = "a_oc遍历回顾.png"; sourceTree = "<group>"; };
		D24EB5942C601E510063752A /* b_指针的应用示例课件.png */ = {isa = PBXFileReference; lastKnownFileType = image.png; path = "b_指针的应用示例课件.png"; sourceTree = "<group>"; };
		D24EB5992C601EE90063752A /* 04_获取某个变量的指针 */ = {isa = PBXFileReference; explicitFileType = "compiled.mach-o.executable"; includeInIndex = 0; path = "04_获取某个变量的指针"; sourceTree = BUILT_PRODUCTS_DIR; };
		D24EB59B2C601EE90063752A /* main.swift */ = {isa = PBXFileReference; lastKnownFileType = sourcecode.swift; path = main.swift; sourceTree = "<group>"; };
		D24EB5A02C602B4F0063752A /* a_获取指向某个变量的指针_课件.png */ = {isa = PBXFileReference; lastKnownFileType = image.png; path = "a_获取指向某个变量的指针_课件.png"; sourceTree = "<group>"; };
		D24EB5A52C6031800063752A /* 05_获得指向某个变量的指针 */ = {isa = PBXFileReference; explicitFileType = "compiled.mach-o.executable"; includeInIndex = 0; path = "05_获得指向某个变量的指针"; sourceTree = BUILT_PRODUCTS_DIR; };
		D24EB5B02C614FFC0063752A /* 05_获取指向堆空间实例的指针 */ = {isa = PBXFileReference; explicitFileType = "compiled.mach-o.executable"; includeInIndex = 0; path = "05_获取指向堆空间实例的指针"; sourceTree = BUILT_PRODUCTS_DIR; };
		D24EB5B22C614FFC0063752A /* main.swift */ = {isa = PBXFileReference; lastKnownFileType = sourcecode.swift; path = main.swift; sourceTree = "<group>"; };
		D24EB5B72C6150200063752A /* a_课件.png */ = {isa = PBXFileReference; lastKnownFileType = image.png; path = "a_课件.png"; sourceTree = "<group>"; };
		D24EB5B82C6152D00063752A /* b_age的地址值_Intel_cpu汇编.png */ = {isa = PBXFileReference; lastKnownFileType = image.png; path = "b_age的地址值_Intel_cpu汇编.png"; sourceTree = "<group>"; };
		D24EB5B92C6153C60063752A /* c_age计算出的地址和打印出的地址.png */ = {isa = PBXFileReference; lastKnownFileType = image.png; path = "c_age计算出的地址和打印出的地址.png"; sourceTree = "<group>"; };
		D24EB5BA2C6156A20063752A /* d_person变量的地址和perosn对象的地址分析.png */ = {isa = PBXFileReference; lastKnownFileType = image.png; path = "d_person变量的地址和perosn对象的地址分析.png"; sourceTree = "<group>"; };
		D24EB5BB2C6164AB0063752A /* Mems.swift */ = {isa = PBXFileReference; fileEncoding = 4; lastKnownFileType = sourcecode.swift; path = Mems.swift; sourceTree = "<group>"; };
		D24EB5C12C61677D0063752A /* 06_创建指针_01 */ = {isa = PBXFileReference; explicitFileType = "compiled.mach-o.executable"; includeInIndex = 0; path = "06_创建指针_01"; sourceTree = BUILT_PRODUCTS_DIR; };
		D24EB5C32C61677D0063752A /* main.swift */ = {isa = PBXFileReference; lastKnownFileType = sourcecode.swift; path = main.swift; sourceTree = "<group>"; };
		D24EB5C82C616B380063752A /* a_创建指针.png */ = {isa = PBXFileReference; lastKnownFileType = image.png; path = "a_创建指针.png"; sourceTree = "<group>"; };
		D24EB5CD2C616C850063752A /* 06_创建指针_02 */ = {isa = PBXFileReference; explicitFileType = "compiled.mach-o.executable"; includeInIndex = 0; path = "06_创建指针_02"; sourceTree = BUILT_PRODUCTS_DIR; };
		D24EB5CF2C616C850063752A /* main.swift */ = {isa = PBXFileReference; lastKnownFileType = sourcecode.swift; path = main.swift; sourceTree = "<group>"; };
		D24EB5D42C616F5A0063752A /* a_课件.png */ = {isa = PBXFileReference; lastKnownFileType = image.png; path = "a_课件.png"; sourceTree = "<group>"; };
		D24EB5D92C616FEE0063752A /* 06_创建指针_03_带泛型 */ = {isa = PBXFileReference; explicitFileType = "compiled.mach-o.executable"; includeInIndex = 0; path = "06_创建指针_03_带泛型"; sourceTree = BUILT_PRODUCTS_DIR; };
		D24EB5DB2C616FEE0063752A /* main.swift */ = {isa = PBXFileReference; lastKnownFileType = sourcecode.swift; path = main.swift; sourceTree = "<group>"; };
		D24EB5E02C61777F0063752A /* a_课件.png */ = {isa = PBXFileReference; lastKnownFileType = image.png; path = "a_课件.png"; sourceTree = "<group>"; };
/* End PBXFileReference section */

/* Begin PBXFrameworksBuildPhase section */
		D24EB5642C5FB9680063752A /* Frameworks */ = {
			isa = PBXFrameworksBuildPhase;
			buildActionMask = 2147483647;
			files = (
			);
			runOnlyForDeploymentPostprocessing = 0;
		};
		D24EB5722C6004270063752A /* Frameworks */ = {
			isa = PBXFrameworksBuildPhase;
			buildActionMask = 2147483647;
			files = (
			);
			runOnlyForDeploymentPostprocessing = 0;
		};
		D24EB57E2C6013E50063752A /* Frameworks */ = {
			isa = PBXFrameworksBuildPhase;
			buildActionMask = 2147483647;
			files = (
			);
			runOnlyForDeploymentPostprocessing = 0;
		};
		D24EB5892C60194D0063752A /* Frameworks */ = {
			isa = PBXFrameworksBuildPhase;
			buildActionMask = 2147483647;
			files = (
			);
			runOnlyForDeploymentPostprocessing = 0;
		};
		D24EB5962C601EE90063752A /* Frameworks */ = {
			isa = PBXFrameworksBuildPhase;
			buildActionMask = 2147483647;
			files = (
			);
			runOnlyForDeploymentPostprocessing = 0;
		};
		D24EB5A22C6031800063752A /* Frameworks */ = {
			isa = PBXFrameworksBuildPhase;
			buildActionMask = 2147483647;
			files = (
			);
			runOnlyForDeploymentPostprocessing = 0;
		};
		D24EB5AD2C614FFC0063752A /* Frameworks */ = {
			isa = PBXFrameworksBuildPhase;
			buildActionMask = 2147483647;
			files = (
			);
			runOnlyForDeploymentPostprocessing = 0;
		};
		D24EB5BE2C61677D0063752A /* Frameworks */ = {
			isa = PBXFrameworksBuildPhase;
			buildActionMask = 2147483647;
			files = (
			);
			runOnlyForDeploymentPostprocessing = 0;
		};
		D24EB5CA2C616C850063752A /* Frameworks */ = {
			isa = PBXFrameworksBuildPhase;
			buildActionMask = 2147483647;
			files = (
			);
			runOnlyForDeploymentPostprocessing = 0;
		};
		D24EB5D62C616FEE0063752A /* Frameworks */ = {
			isa = PBXFrameworksBuildPhase;
			buildActionMask = 2147483647;
			files = (
			);
			runOnlyForDeploymentPostprocessing = 0;
		};
/* End PBXFrameworksBuildPhase section */

/* Begin PBXGroup section */
		D24EB55E2C5FB9680063752A = {
			isa = PBXGroup;
			children = (
				D24EB5762C6004270063752A /* 01_swift专有的指针_带泛型 */,
				D24EB5822C6013E50063752A /* 02_swift专有指针_不带泛型 */,
				D24EB58D2C60194D0063752A /* 03_指针的应用示例 */,
				D24EB59A2C601EE90063752A /* 04_获得指向某个变量的指针 */,
				D24EB5B12C614FFC0063752A /* 05_获取指向堆空间实例的指针 */,
				D24EB5C22C61677D0063752A /* 06_创建指针_01 */,
				D24EB5CE2C616C850063752A /* 06_创建指针_02 */,
				D24EB5DA2C616FEE0063752A /* 06_创建指针_03_带泛型 */,
				D24EB5682C5FB9680063752A /* Products */,
			);
			sourceTree = "<group>";
		};
		D24EB5682C5FB9680063752A /* Products */ = {
			isa = PBXGroup;
			children = (
				D24EB5672C5FB9680063752A /* Lesson_16_指针篇 */,
				D24EB5752C6004270063752A /* 01_swift专有的指针 */,
				D24EB5812C6013E50063752A /* 02_swift专有指针_不带泛型 */,
				D24EB58C2C60194D0063752A /* 03_指针的应用示例 */,
				D24EB5992C601EE90063752A /* 04_获取某个变量的指针 */,
				D24EB5A52C6031800063752A /* 05_获得指向某个变量的指针 */,
				D24EB5B02C614FFC0063752A /* 05_获取指向堆空间实例的指针 */,
				D24EB5C12C61677D0063752A /* 06_创建指针_01 */,
				D24EB5CD2C616C850063752A /* 06_创建指针_02 */,
				D24EB5D92C616FEE0063752A /* 06_创建指针_03_带泛型 */,
			);
			name = Products;
			sourceTree = "<group>";
		};
		D24EB5762C6004270063752A /* 01_swift专有的指针_带泛型 */ = {
			isa = PBXGroup;
			children = (
				D24EB57C2C6005380063752A /* a_swift中的指针.png */,
				D24EB5772C6004270063752A /* main.swift */,
			);
			path = "01_swift专有的指针_带泛型";
			sourceTree = "<group>";
		};
		D24EB5822C6013E50063752A /* 02_swift专有指针_不带泛型 */ = {
			isa = PBXGroup;
			children = (
				D24EB5832C6013E50063752A /* main.swift */,
			);
			path = "02_swift专有指针_不带泛型";
			sourceTree = "<group>";
		};
		D24EB58D2C60194D0063752A /* 03_指针的应用示例 */ = {
			isa = PBXGroup;
			children = (
				D24EB5942C601E510063752A /* b_指针的应用示例课件.png */,
				D24EB5932C6019D20063752A /* a_oc遍历回顾.png */,
				D24EB58E2C60194D0063752A /* main.swift */,
			);
			path = "03_指针的应用示例";
			sourceTree = "<group>";
		};
		D24EB59A2C601EE90063752A /* 04_获得指向某个变量的指针 */ = {
			isa = PBXGroup;
			children = (
				D24EB5A02C602B4F0063752A /* a_获取指向某个变量的指针_课件.png */,
				D24EB59B2C601EE90063752A /* main.swift */,
			);
			path = "04_获得指向某个变量的指针";
			sourceTree = "<group>";
		};
		D24EB5B12C614FFC0063752A /* 05_获取指向堆空间实例的指针 */ = {
			isa = PBXGroup;
			children = (
				D24EB5BB2C6164AB0063752A /* Mems.swift */,
				D24EB5BA2C6156A20063752A /* d_person变量的地址和perosn对象的地址分析.png */,
				D24EB5B92C6153C60063752A /* c_age计算出的地址和打印出的地址.png */,
				D24EB5B82C6152D00063752A /* b_age的地址值_Intel_cpu汇编.png */,
				D24EB5B72C6150200063752A /* a_课件.png */,
				D24EB5B22C614FFC0063752A /* main.swift */,
			);
			path = "05_获取指向堆空间实例的指针";
			sourceTree = "<group>";
		};
		D24EB5C22C61677D0063752A /* 06_创建指针_01 */ = {
			isa = PBXGroup;
			children = (
				D24EB5C82C616B380063752A /* a_创建指针.png */,
				D24EB5C32C61677D0063752A /* main.swift */,
			);
			path = "06_创建指针_01";
			sourceTree = "<group>";
		};
		D24EB5CE2C616C850063752A /* 06_创建指针_02 */ = {
			isa = PBXGroup;
			children = (
				D24EB5D42C616F5A0063752A /* a_课件.png */,
				D24EB5CF2C616C850063752A /* main.swift */,
			);
			path = "06_创建指针_02";
			sourceTree = "<group>";
		};
		D24EB5DA2C616FEE0063752A /* 06_创建指针_03_带泛型 */ = {
			isa = PBXGroup;
			children = (
				D24EB5E02C61777F0063752A /* a_课件.png */,
				D24EB5DB2C616FEE0063752A /* main.swift */,
			);
			path = "06_创建指针_03_带泛型";
			sourceTree = "<group>";
		};
/* End PBXGroup section */

/* Begin PBXNativeTarget section */
		D24EB5662C5FB9680063752A /* Lesson_16_指针篇 */ = {
			isa = PBXNativeTarget;
			buildConfigurationList = D24EB56E2C5FB9680063752A /* Build configuration list for PBXNativeTarget "Lesson_16_指针篇" */;
			buildPhases = (
				D24EB5632C5FB9680063752A /* Sources */,
				D24EB5642C5FB9680063752A /* Frameworks */,
				D24EB5652C5FB9680063752A /* CopyFiles */,
			);
			buildRules = (
			);
			dependencies = (
			);
			name = "Lesson_16_指针篇";
			productName = "Lesson_16_指针篇";
			productReference = D24EB5672C5FB9680063752A /* Lesson_16_指针篇 */;
			productType = "com.apple.product-type.tool";
		};
		D24EB5742C6004270063752A /* 01_swift专有的指针 */ = {
			isa = PBXNativeTarget;
			buildConfigurationList = D24EB5792C6004270063752A /* Build configuration list for PBXNativeTarget "01_swift专有的指针" */;
			buildPhases = (
				D24EB5712C6004270063752A /* Sources */,
				D24EB5722C6004270063752A /* Frameworks */,
				D24EB5732C6004270063752A /* CopyFiles */,
			);
			buildRules = (
			);
			dependencies = (
			);
			name = "01_swift专有的指针";
			productName = "01_swift专有的指针";
			productReference = D24EB5752C6004270063752A /* 01_swift专有的指针 */;
			productType = "com.apple.product-type.tool";
		};
		D24EB5802C6013E50063752A /* 02_swift专有指针_不带泛型 */ = {
			isa = PBXNativeTarget;
			buildConfigurationList = D24EB5872C6013E50063752A /* Build configuration list for PBXNativeTarget "02_swift专有指针_不带泛型" */;
			buildPhases = (
				D24EB57D2C6013E50063752A /* Sources */,
				D24EB57E2C6013E50063752A /* Frameworks */,
				D24EB57F2C6013E50063752A /* CopyFiles */,
			);
			buildRules = (
			);
			dependencies = (
			);
			name = "02_swift专有指针_不带泛型";
			productName = "02_swift专有指针_不带泛型";
			productReference = D24EB5812C6013E50063752A /* 02_swift专有指针_不带泛型 */;
			productType = "com.apple.product-type.tool";
		};
		D24EB58B2C60194D0063752A /* 03_指针的应用示例 */ = {
			isa = PBXNativeTarget;
			buildConfigurationList = D24EB5902C60194D0063752A /* Build configuration list for PBXNativeTarget "03_指针的应用示例" */;
			buildPhases = (
				D24EB5882C60194D0063752A /* Sources */,
				D24EB5892C60194D0063752A /* Frameworks */,
				D24EB58A2C60194D0063752A /* CopyFiles */,
			);
			buildRules = (
			);
			dependencies = (
			);
			name = "03_指针的应用示例";
			productName = "03_指针的应用示例";
			productReference = D24EB58C2C60194D0063752A /* 03_指针的应用示例 */;
			productType = "com.apple.product-type.tool";
		};
		D24EB5982C601EE90063752A /* 04_获取某个变量的指针 */ = {
			isa = PBXNativeTarget;
			buildConfigurationList = D24EB59F2C601EE90063752A /* Build configuration list for PBXNativeTarget "04_获取某个变量的指针" */;
			buildPhases = (
				D24EB5952C601EE90063752A /* Sources */,
				D24EB5962C601EE90063752A /* Frameworks */,
				D24EB5972C601EE90063752A /* CopyFiles */,
			);
			buildRules = (
			);
			dependencies = (
			);
			name = "04_获取某个变量的指针";
			productName = "04_获取某个变量的指针";
			productReference = D24EB5992C601EE90063752A /* 04_获取某个变量的指针 */;
			productType = "com.apple.product-type.tool";
		};
		D24EB5A42C6031800063752A /* 05_获得指向某个变量的指针 */ = {
			isa = PBXNativeTarget;
			buildConfigurationList = D24EB5AB2C6031800063752A /* Build configuration list for PBXNativeTarget "05_获得指向某个变量的指针" */;
			buildPhases = (
				D24EB5A12C6031800063752A /* Sources */,
				D24EB5A22C6031800063752A /* Frameworks */,
				D24EB5A32C6031800063752A /* CopyFiles */,
			);
			buildRules = (
			);
			dependencies = (
			);
			name = "05_获得指向某个变量的指针";
			productName = "05_获得指向某个变量的指针";
			productReference = D24EB5A52C6031800063752A /* 05_获得指向某个变量的指针 */;
			productType = "com.apple.product-type.tool";
		};
		D24EB5AF2C614FFC0063752A /* 05_获取指向堆空间实例的指针 */ = {
			isa = PBXNativeTarget;
			buildConfigurationList = D24EB5B62C614FFC0063752A /* Build configuration list for PBXNativeTarget "05_获取指向堆空间实例的指针" */;
			buildPhases = (
				D24EB5AC2C614FFC0063752A /* Sources */,
				D24EB5AD2C614FFC0063752A /* Frameworks */,
				D24EB5AE2C614FFC0063752A /* CopyFiles */,
			);
			buildRules = (
			);
			dependencies = (
			);
			name = "05_获取指向堆空间实例的指针";
			productName = "05_获取指向堆空间实例的指针";
			productReference = D24EB5B02C614FFC0063752A /* 05_获取指向堆空间实例的指针 */;
			productType = "com.apple.product-type.tool";
		};
		D24EB5C02C61677D0063752A /* 06_创建指针_01 */ = {
			isa = PBXNativeTarget;
			buildConfigurationList = D24EB5C52C61677D0063752A /* Build configuration list for PBXNativeTarget "06_创建指针_01" */;
			buildPhases = (
				D24EB5BD2C61677D0063752A /* Sources */,
				D24EB5BE2C61677D0063752A /* Frameworks */,
				D24EB5BF2C61677D0063752A /* CopyFiles */,
			);
			buildRules = (
			);
			dependencies = (
			);
			name = "06_创建指针_01";
			productName = "06_创建指针_01";
			productReference = D24EB5C12C61677D0063752A /* 06_创建指针_01 */;
			productType = "com.apple.product-type.tool";
		};
		D24EB5CC2C616C850063752A /* 06_创建指针_02 */ = {
			isa = PBXNativeTarget;
			buildConfigurationList = D24EB5D32C616C850063752A /* Build configuration list for PBXNativeTarget "06_创建指针_02" */;
			buildPhases = (
				D24EB5C92C616C850063752A /* Sources */,
				D24EB5CA2C616C850063752A /* Frameworks */,
				D24EB5CB2C616C850063752A /* CopyFiles */,
			);
			buildRules = (
			);
			dependencies = (
			);
			name = "06_创建指针_02";
			productName = "06_创建指针_02";
			productReference = D24EB5CD2C616C850063752A /* 06_创建指针_02 */;
			productType = "com.apple.product-type.tool";
		};
		D24EB5D82C616FEE0063752A /* 06_创建指针_03_带泛型 */ = {
			isa = PBXNativeTarget;
			buildConfigurationList = D24EB5DF2C616FEE0063752A /* Build configuration list for PBXNativeTarget "06_创建指针_03_带泛型" */;
			buildPhases = (
				D24EB5D52C616FEE0063752A /* Sources */,
				D24EB5D62C616FEE0063752A /* Frameworks */,
				D24EB5D72C616FEE0063752A /* CopyFiles */,
			);
			buildRules = (
			);
			dependencies = (
			);
			name = "06_创建指针_03_带泛型";
			productName = "06_创建指针_03_带泛型";
			productReference = D24EB5D92C616FEE0063752A /* 06_创建指针_03_带泛型 */;
			productType = "com.apple.product-type.tool";
		};
/* End PBXNativeTarget section */

/* Begin PBXProject section */
		D24EB55F2C5FB9680063752A /* Project object */ = {
			isa = PBXProject;
			attributes = {
				BuildIndependentTargetsInParallel = 1;
				LastSwiftUpdateCheck = 1430;
				LastUpgradeCheck = 1430;
				TargetAttributes = {
					D24EB5662C5FB9680063752A = {
						CreatedOnToolsVersion = 14.3.1;
					};
					D24EB5742C6004270063752A = {
						CreatedOnToolsVersion = 14.3.1;
					};
					D24EB5802C6013E50063752A = {
						CreatedOnToolsVersion = 14.3.1;
					};
					D24EB58B2C60194D0063752A = {
						CreatedOnToolsVersion = 14.3.1;
					};
					D24EB5982C601EE90063752A = {
						CreatedOnToolsVersion = 14.3.1;
					};
					D24EB5A42C6031800063752A = {
						CreatedOnToolsVersion = 14.3.1;
					};
					D24EB5AF2C614FFC0063752A = {
						CreatedOnToolsVersion = 14.3.1;
					};
					D24EB5C02C61677D0063752A = {
						CreatedOnToolsVersion = 14.3.1;
					};
					D24EB5CC2C616C850063752A = {
						CreatedOnToolsVersion = 14.3.1;
					};
					D24EB5D82C616FEE0063752A = {
						CreatedOnToolsVersion = 14.3.1;
					};
				};
			};
			buildConfigurationList = D24EB5622C5FB9680063752A /* Build configuration list for PBXProject "Lesson_16_指针篇" */;
			compatibilityVersion = "Xcode 14.0";
			developmentRegion = en;
			hasScannedForEncodings = 0;
			knownRegions = (
				en,
				Base,
			);
			mainGroup = D24EB55E2C5FB9680063752A;
			productRefGroup = D24EB5682C5FB9680063752A /* Products */;
			projectDirPath = "";
			projectRoot = "";
			targets = (
				D24EB5662C5FB9680063752A /* Lesson_16_指针篇 */,
				D24EB5742C6004270063752A /* 01_swift专有的指针 */,
				D24EB5802C6013E50063752A /* 02_swift专有指针_不带泛型 */,
				D24EB58B2C60194D0063752A /* 03_指针的应用示例 */,
				D24EB5982C601EE90063752A /* 04_获取某个变量的指针 */,
				D24EB5A42C6031800063752A /* 05_获得指向某个变量的指针 */,
				D24EB5AF2C614FFC0063752A /* 05_获取指向堆空间实例的指针 */,
				D24EB5C02C61677D0063752A /* 06_创建指针_01 */,
				D24EB5CC2C616C850063752A /* 06_创建指针_02 */,
				D24EB5D82C616FEE0063752A /* 06_创建指针_03_带泛型 */,
			);
		};
/* End PBXProject section */

/* Begin PBXSourcesBuildPhase section */
		D24EB5632C5FB9680063752A /* Sources */ = {
			isa = PBXSourcesBuildPhase;
			buildActionMask = 2147483647;
			files = (
			);
			runOnlyForDeploymentPostprocessing = 0;
		};
		D24EB5712C6004270063752A /* Sources */ = {
			isa = PBXSourcesBuildPhase;
			buildActionMask = 2147483647;
			files = (
				D24EB5782C6004270063752A /* main.swift in Sources */,
			);
			runOnlyForDeploymentPostprocessing = 0;
		};
		D24EB57D2C6013E50063752A /* Sources */ = {
			isa = PBXSourcesBuildPhase;
			buildActionMask = 2147483647;
			files = (
				D24EB5842C6013E50063752A /* main.swift in Sources */,
			);
			runOnlyForDeploymentPostprocessing = 0;
		};
		D24EB5882C60194D0063752A /* Sources */ = {
			isa = PBXSourcesBuildPhase;
			buildActionMask = 2147483647;
			files = (
				D24EB58F2C60194D0063752A /* main.swift in Sources */,
			);
			runOnlyForDeploymentPostprocessing = 0;
		};
		D24EB5952C601EE90063752A /* Sources */ = {
			isa = PBXSourcesBuildPhase;
			buildActionMask = 2147483647;
			files = (
				D24EB59C2C601EE90063752A /* main.swift in Sources */,
			);
			runOnlyForDeploymentPostprocessing = 0;
		};
		D24EB5A12C6031800063752A /* Sources */ = {
			isa = PBXSourcesBuildPhase;
			buildActionMask = 2147483647;
			files = (
			);
			runOnlyForDeploymentPostprocessing = 0;
		};
		D24EB5AC2C614FFC0063752A /* Sources */ = {
			isa = PBXSourcesBuildPhase;
			buildActionMask = 2147483647;
			files = (
				D24EB5B32C614FFC0063752A /* main.swift in Sources */,
				D24EB5BC2C6164AB0063752A /* Mems.swift in Sources */,
			);
			runOnlyForDeploymentPostprocessing = 0;
		};
		D24EB5BD2C61677D0063752A /* Sources */ = {
			isa = PBXSourcesBuildPhase;
			buildActionMask = 2147483647;
			files = (
				D24EB5C42C61677D0063752A /* main.swift in Sources */,
			);
			runOnlyForDeploymentPostprocessing = 0;
		};
		D24EB5C92C616C850063752A /* Sources */ = {
			isa = PBXSourcesBuildPhase;
			buildActionMask = 2147483647;
			files = (
				D24EB5D02C616C850063752A /* main.swift in Sources */,
			);
			runOnlyForDeploymentPostprocessing = 0;
		};
		D24EB5D52C616FEE0063752A /* Sources */ = {
			isa = PBXSourcesBuildPhase;
			buildActionMask = 2147483647;
			files = (
				D24EB5DC2C616FEE0063752A /* main.swift in Sources */,
			);
			runOnlyForDeploymentPostprocessing = 0;
		};
/* End PBXSourcesBuildPhase section */

/* Begin XCBuildConfiguration section */
		D24EB56C2C5FB9680063752A /* Debug */ = {
			isa = XCBuildConfiguration;
			buildSettings = {
				ALWAYS_SEARCH_USER_PATHS = NO;
				CLANG_ANALYZER_NONNULL = YES;
				CLANG_ANALYZER_NUMBER_OBJECT_CONVERSION = YES_AGGRESSIVE;
				CLANG_CXX_LANGUAGE_STANDARD = "gnu++20";
				CLANG_ENABLE_MODULES = YES;
				CLANG_ENABLE_OBJC_ARC = YES;
				CLANG_ENABLE_OBJC_WEAK = YES;
				CLANG_WARN_BLOCK_CAPTURE_AUTORELEASING = YES;
				CLANG_WARN_BOOL_CONVERSION = YES;
				CLANG_WARN_COMMA = YES;
				CLANG_WARN_CONSTANT_CONVERSION = YES;
				CLANG_WARN_DEPRECATED_OBJC_IMPLEMENTATIONS = YES;
				CLANG_WARN_DIRECT_OBJC_ISA_USAGE = YES_ERROR;
				CLANG_WARN_DOCUMENTATION_COMMENTS = YES;
				CLANG_WARN_EMPTY_BODY = YES;
				CLANG_WARN_ENUM_CONVERSION = YES;
				CLANG_WARN_INFINITE_RECURSION = YES;
				CLANG_WARN_INT_CONVERSION = YES;
				CLANG_WARN_NON_LITERAL_NULL_CONVERSION = YES;
				CLANG_WARN_OBJC_IMPLICIT_RETAIN_SELF = YES;
				CLANG_WARN_OBJC_LITERAL_CONVERSION = YES;
				CLANG_WARN_OBJC_ROOT_CLASS = YES_ERROR;
				CLANG_WARN_QUOTED_INCLUDE_IN_FRAMEWORK_HEADER = YES;
				CLANG_WARN_RANGE_LOOP_ANALYSIS = YES;
				CLANG_WARN_STRICT_PROTOTYPES = YES;
				CLANG_WARN_SUSPICIOUS_MOVE = YES;
				CLANG_WARN_UNGUARDED_AVAILABILITY = YES_AGGRESSIVE;
				CLANG_WARN_UNREACHABLE_CODE = YES;
				CLANG_WARN__DUPLICATE_METHOD_MATCH = YES;
				COPY_PHASE_STRIP = NO;
				DEBUG_INFORMATION_FORMAT = dwarf;
				ENABLE_STRICT_OBJC_MSGSEND = YES;
				ENABLE_TESTABILITY = YES;
				GCC_C_LANGUAGE_STANDARD = gnu11;
				GCC_DYNAMIC_NO_PIC = NO;
				GCC_NO_COMMON_BLOCKS = YES;
				GCC_OPTIMIZATION_LEVEL = 0;
				GCC_PREPROCESSOR_DEFINITIONS = (
					"DEBUG=1",
					"$(inherited)",
				);
				GCC_WARN_64_TO_32_BIT_CONVERSION = YES;
				GCC_WARN_ABOUT_RETURN_TYPE = YES_ERROR;
				GCC_WARN_UNDECLARED_SELECTOR = YES;
				GCC_WARN_UNINITIALIZED_AUTOS = YES_AGGRESSIVE;
				GCC_WARN_UNUSED_FUNCTION = YES;
				GCC_WARN_UNUSED_VARIABLE = YES;
				MACOSX_DEPLOYMENT_TARGET = 13.3;
				MTL_ENABLE_DEBUG_INFO = INCLUDE_SOURCE;
				MTL_FAST_MATH = YES;
				ONLY_ACTIVE_ARCH = YES;
				SDKROOT = macosx;
				SWIFT_ACTIVE_COMPILATION_CONDITIONS = DEBUG;
				SWIFT_OPTIMIZATION_LEVEL = "-Onone";
			};
			name = Debug;
		};
		D24EB56D2C5FB9680063752A /* Release */ = {
			isa = XCBuildConfiguration;
			buildSettings = {
				ALWAYS_SEARCH_USER_PATHS = NO;
				CLANG_ANALYZER_NONNULL = YES;
				CLANG_ANALYZER_NUMBER_OBJECT_CONVERSION = YES_AGGRESSIVE;
				CLANG_CXX_LANGUAGE_STANDARD = "gnu++20";
				CLANG_ENABLE_MODULES = YES;
				CLANG_ENABLE_OBJC_ARC = YES;
				CLANG_ENABLE_OBJC_WEAK = YES;
				CLANG_WARN_BLOCK_CAPTURE_AUTORELEASING = YES;
				CLANG_WARN_BOOL_CONVERSION = YES;
				CLANG_WARN_COMMA = YES;
				CLANG_WARN_CONSTANT_CONVERSION = YES;
				CLANG_WARN_DEPRECATED_OBJC_IMPLEMENTATIONS = YES;
				CLANG_WARN_DIRECT_OBJC_ISA_USAGE = YES_ERROR;
				CLANG_WARN_DOCUMENTATION_COMMENTS = YES;
				CLANG_WARN_EMPTY_BODY = YES;
				CLANG_WARN_ENUM_CONVERSION = YES;
				CLANG_WARN_INFINITE_RECURSION = YES;
				CLANG_WARN_INT_CONVERSION = YES;
				CLANG_WARN_NON_LITERAL_NULL_CONVERSION = YES;
				CLANG_WARN_OBJC_IMPLICIT_RETAIN_SELF = YES;
				CLANG_WARN_OBJC_LITERAL_CONVERSION = YES;
				CLANG_WARN_OBJC_ROOT_CLASS = YES_ERROR;
				CLANG_WARN_QUOTED_INCLUDE_IN_FRAMEWORK_HEADER = YES;
				CLANG_WARN_RANGE_LOOP_ANALYSIS = YES;
				CLANG_WARN_STRICT_PROTOTYPES = YES;
				CLANG_WARN_SUSPICIOUS_MOVE = YES;
				CLANG_WARN_UNGUARDED_AVAILABILITY = YES_AGGRESSIVE;
				CLANG_WARN_UNREACHABLE_CODE = YES;
				CLANG_WARN__DUPLICATE_METHOD_MATCH = YES;
				COPY_PHASE_STRIP = NO;
				DEBUG_INFORMATION_FORMAT = "dwarf-with-dsym";
				ENABLE_NS_ASSERTIONS = NO;
				ENABLE_STRICT_OBJC_MSGSEND = YES;
				GCC_C_LANGUAGE_STANDARD = gnu11;
				GCC_NO_COMMON_BLOCKS = YES;
				GCC_WARN_64_TO_32_BIT_CONVERSION = YES;
				GCC_WARN_ABOUT_RETURN_TYPE = YES_ERROR;
				GCC_WARN_UNDECLARED_SELECTOR = YES;
				GCC_WARN_UNINITIALIZED_AUTOS = YES_AGGRESSIVE;
				GCC_WARN_UNUSED_FUNCTION = YES;
				GCC_WARN_UNUSED_VARIABLE = YES;
				MACOSX_DEPLOYMENT_TARGET = 13.3;
				MTL_ENABLE_DEBUG_INFO = NO;
				MTL_FAST_MATH = YES;
				SDKROOT = macosx;
				SWIFT_COMPILATION_MODE = wholemodule;
				SWIFT_OPTIMIZATION_LEVEL = "-O";
			};
			name = Release;
		};
		D24EB56F2C5FB9680063752A /* Debug */ = {
			isa = XCBuildConfiguration;
			buildSettings = {
				CODE_SIGN_STYLE = Automatic;
				PRODUCT_NAME = "$(TARGET_NAME)";
				SWIFT_VERSION = 5.0;
			};
			name = Debug;
		};
		D24EB5702C5FB9680063752A /* Release */ = {
			isa = XCBuildConfiguration;
			buildSettings = {
				CODE_SIGN_STYLE = Automatic;
				PRODUCT_NAME = "$(TARGET_NAME)";
				SWIFT_VERSION = 5.0;
			};
			name = Release;
		};
		D24EB57A2C6004270063752A /* Debug */ = {
			isa = XCBuildConfiguration;
			buildSettings = {
				CODE_SIGN_STYLE = Automatic;
				PRODUCT_NAME = "$(TARGET_NAME)";
				SWIFT_VERSION = 5.0;
			};
			name = Debug;
		};
		D24EB57B2C6004270063752A /* Release */ = {
			isa = XCBuildConfiguration;
			buildSettings = {
				CODE_SIGN_STYLE = Automatic;
				PRODUCT_NAME = "$(TARGET_NAME)";
				SWIFT_VERSION = 5.0;
			};
			name = Release;
		};
		D24EB5852C6013E50063752A /* Debug */ = {
			isa = XCBuildConfiguration;
			buildSettings = {
				CODE_SIGN_STYLE = Automatic;
				PRODUCT_NAME = "$(TARGET_NAME)";
				SWIFT_VERSION = 5.0;
			};
			name = Debug;
		};
		D24EB5862C6013E50063752A /* Release */ = {
			isa = XCBuildConfiguration;
			buildSettings = {
				CODE_SIGN_STYLE = Automatic;
				PRODUCT_NAME = "$(TARGET_NAME)";
				SWIFT_VERSION = 5.0;
			};
			name = Release;
		};
		D24EB5912C60194D0063752A /* Debug */ = {
			isa = XCBuildConfiguration;
			buildSettings = {
				CODE_SIGN_STYLE = Automatic;
				PRODUCT_NAME = "$(TARGET_NAME)";
				SWIFT_VERSION = 5.0;
			};
			name = Debug;
		};
		D24EB5922C60194D0063752A /* Release */ = {
			isa = XCBuildConfiguration;
			buildSettings = {
				CODE_SIGN_STYLE = Automatic;
				PRODUCT_NAME = "$(TARGET_NAME)";
				SWIFT_VERSION = 5.0;
			};
			name = Release;
		};
		D24EB59D2C601EE90063752A /* Debug */ = {
			isa = XCBuildConfiguration;
			buildSettings = {
				CODE_SIGN_STYLE = Automatic;
				PRODUCT_NAME = "$(TARGET_NAME)";
				SWIFT_VERSION = 5.0;
			};
			name = Debug;
		};
		D24EB59E2C601EE90063752A /* Release */ = {
			isa = XCBuildConfiguration;
			buildSettings = {
				CODE_SIGN_STYLE = Automatic;
				PRODUCT_NAME = "$(TARGET_NAME)";
				SWIFT_VERSION = 5.0;
			};
			name = Release;
		};
		D24EB5A92C6031800063752A /* Debug */ = {
			isa = XCBuildConfiguration;
			buildSettings = {
				CODE_SIGN_STYLE = Automatic;
				PRODUCT_NAME = "$(TARGET_NAME)";
				SWIFT_VERSION = 5.0;
			};
			name = Debug;
		};
		D24EB5AA2C6031800063752A /* Release */ = {
			isa = XCBuildConfiguration;
			buildSettings = {
				CODE_SIGN_STYLE = Automatic;
				PRODUCT_NAME = "$(TARGET_NAME)";
				SWIFT_VERSION = 5.0;
			};
			name = Release;
		};
		D24EB5B42C614FFC0063752A /* Debug */ = {
			isa = XCBuildConfiguration;
			buildSettings = {
				CODE_SIGN_STYLE = Automatic;
				PRODUCT_NAME = "$(TARGET_NAME)";
				SWIFT_VERSION = 5.0;
			};
			name = Debug;
		};
		D24EB5B52C614FFC0063752A /* Release */ = {
			isa = XCBuildConfiguration;
			buildSettings = {
				CODE_SIGN_STYLE = Automatic;
				PRODUCT_NAME = "$(TARGET_NAME)";
				SWIFT_VERSION = 5.0;
			};
			name = Release;
		};
		D24EB5C62C61677D0063752A /* Debug */ = {
			isa = XCBuildConfiguration;
			buildSettings = {
				CODE_SIGN_STYLE = Automatic;
				PRODUCT_NAME = "$(TARGET_NAME)";
				SWIFT_VERSION = 5.0;
			};
			name = Debug;
		};
		D24EB5C72C61677D0063752A /* Release */ = {
			isa = XCBuildConfiguration;
			buildSettings = {
				CODE_SIGN_STYLE = Automatic;
				PRODUCT_NAME = "$(TARGET_NAME)";
				SWIFT_VERSION = 5.0;
			};
			name = Release;
		};
		D24EB5D12C616C850063752A /* Debug */ = {
			isa = XCBuildConfiguration;
			buildSettings = {
				CODE_SIGN_STYLE = Automatic;
				PRODUCT_NAME = "$(TARGET_NAME)";
				SWIFT_VERSION = 5.0;
			};
			name = Debug;
		};
		D24EB5D22C616C850063752A /* Release */ = {
			isa = XCBuildConfiguration;
			buildSettings = {
				CODE_SIGN_STYLE = Automatic;
				PRODUCT_NAME = "$(TARGET_NAME)";
				SWIFT_VERSION = 5.0;
			};
			name = Release;
		};
		D24EB5DD2C616FEE0063752A /* Debug */ = {
			isa = XCBuildConfiguration;
			buildSettings = {
				CODE_SIGN_STYLE = Automatic;
				PRODUCT_NAME = "$(TARGET_NAME)";
				SWIFT_VERSION = 5.0;
			};
			name = Debug;
		};
		D24EB5DE2C616FEE0063752A /* Release */ = {
			isa = XCBuildConfiguration;
			buildSettings = {
				CODE_SIGN_STYLE = Automatic;
				PRODUCT_NAME = "$(TARGET_NAME)";
				SWIFT_VERSION = 5.0;
			};
			name = Release;
		};
/* End XCBuildConfiguration section */

/* Begin XCConfigurationList section */
		D24EB5622C5FB9680063752A /* Build configuration list for PBXProject "Lesson_16_指针篇" */ = {
			isa = XCConfigurationList;
			buildConfigurations = (
				D24EB56C2C5FB9680063752A /* Debug */,
				D24EB56D2C5FB9680063752A /* Release */,
			);
			defaultConfigurationIsVisible = 0;
			defaultConfigurationName = Release;
		};
		D24EB56E2C5FB9680063752A /* Build configuration list for PBXNativeTarget "Lesson_16_指针篇" */ = {
			isa = XCConfigurationList;
			buildConfigurations = (
				D24EB56F2C5FB9680063752A /* Debug */,
				D24EB5702C5FB9680063752A /* Release */,
			);
			defaultConfigurationIsVisible = 0;
			defaultConfigurationName = Release;
		};
		D24EB5792C6004270063752A /* Build configuration list for PBXNativeTarget "01_swift专有的指针" */ = {
			isa = XCConfigurationList;
			buildConfigurations = (
				D24EB57A2C6004270063752A /* Debug */,
				D24EB57B2C6004270063752A /* Release */,
			);
			defaultConfigurationIsVisible = 0;
			defaultConfigurationName = Release;
		};
		D24EB5872C6013E50063752A /* Build configuration list for PBXNativeTarget "02_swift专有指针_不带泛型" */ = {
			isa = XCConfigurationList;
			buildConfigurations = (
				D24EB5852C6013E50063752A /* Debug */,
				D24EB5862C6013E50063752A /* Release */,
			);
			defaultConfigurationIsVisible = 0;
			defaultConfigurationName = Release;
		};
		D24EB5902C60194D0063752A /* Build configuration list for PBXNativeTarget "03_指针的应用示例" */ = {
			isa = XCConfigurationList;
			buildConfigurations = (
				D24EB5912C60194D0063752A /* Debug */,
				D24EB5922C60194D0063752A /* Release */,
			);
			defaultConfigurationIsVisible = 0;
			defaultConfigurationName = Release;
		};
		D24EB59F2C601EE90063752A /* Build configuration list for PBXNativeTarget "04_获取某个变量的指针" */ = {
			isa = XCConfigurationList;
			buildConfigurations = (
				D24EB59D2C601EE90063752A /* Debug */,
				D24EB59E2C601EE90063752A /* Release */,
			);
			defaultConfigurationIsVisible = 0;
			defaultConfigurationName = Release;
		};
		D24EB5AB2C6031800063752A /* Build configuration list for PBXNativeTarget "05_获得指向某个变量的指针" */ = {
			isa = XCConfigurationList;
			buildConfigurations = (
				D24EB5A92C6031800063752A /* Debug */,
				D24EB5AA2C6031800063752A /* Release */,
			);
			defaultConfigurationIsVisible = 0;
			defaultConfigurationName = Release;
		};
		D24EB5B62C614FFC0063752A /* Build configuration list for PBXNativeTarget "05_获取指向堆空间实例的指针" */ = {
			isa = XCConfigurationList;
			buildConfigurations = (
				D24EB5B42C614FFC0063752A /* Debug */,
				D24EB5B52C614FFC0063752A /* Release */,
			);
			defaultConfigurationIsVisible = 0;
			defaultConfigurationName = Release;
		};
		D24EB5C52C61677D0063752A /* Build configuration list for PBXNativeTarget "06_创建指针_01" */ = {
			isa = XCConfigurationList;
			buildConfigurations = (
				D24EB5C62C61677D0063752A /* Debug */,
				D24EB5C72C61677D0063752A /* Release */,
			);
			defaultConfigurationIsVisible = 0;
			defaultConfigurationName = Release;
		};
		D24EB5D32C616C850063752A /* Build configuration list for PBXNativeTarget "06_创建指针_02" */ = {
			isa = XCConfigurationList;
			buildConfigurations = (
				D24EB5D12C616C850063752A /* Debug */,
				D24EB5D22C616C850063752A /* Release */,
			);
			defaultConfigurationIsVisible = 0;
			defaultConfigurationName = Release;
		};
		D24EB5DF2C616FEE0063752A /* Build configuration list for PBXNativeTarget "06_创建指针_03_带泛型" */ = {
			isa = XCConfigurationList;
			buildConfigurations = (
				D24EB5DD2C616FEE0063752A /* Debug */,
				D24EB5DE2C616FEE0063752A /* Release */,
			);
			defaultConfigurationIsVisible = 0;
			defaultConfigurationName = Release;
		};
/* End XCConfigurationList section */
	};
	rootObject = D24EB55F2C5FB9680063752A /* Project object */;
}
