// !$*UTF8*$!
{
	archiveVersion = 1;
	classes = {
	};
	objectVersion = 56;
	objects = {

/* Begin PBXBuildFile section */
		D2AFA53F2C6CA1A500740852 /* main.m in Sources */ = {isa = PBXBuildFile; fileRef = D2AFA53E2C6CA1A500740852 /* main.m */; };
		D2AFA54F2C6CB42A00740852 /* main.m in Sources */ = {isa = PBXBuildFile; fileRef = D2AFA54E2C6CB42A00740852 /* main.m */; };
		D2AFA55B2C6CC3A400740852 /* main.m in Sources */ = {isa = PBXBuildFile; fileRef = D2AFA55A2C6CC3A400740852 /* main.m */; };
/* End PBXBuildFile section */

/* Begin PBXCopyFilesBuildPhase section */
		D2AFA53A2C6CA1A500740852 /* CopyFiles */ = {
			isa = PBXCopyFilesBuildPhase;
			buildActionMask = 2147483647;
			dstPath = /usr/share/man/man1/;
			dstSubfolderSpec = 0;
			files = (
			);
			runOnlyForDeploymentPostprocessing = 1;
		};
		D2AFA54A2C6CB42A00740852 /* CopyFiles */ = {
			isa = PBXCopyFilesBuildPhase;
			buildActionMask = 2147483647;
			dstPath = /usr/share/man/man1/;
			dstSubfolderSpec = 0;
			files = (
			);
			runOnlyForDeploymentPostprocessing = 1;
		};
		D2AFA5562C6CC3A400740852 /* CopyFiles */ = {
			isa = PBXCopyFilesBuildPhase;
			buildActionMask = 2147483647;
			dstPath = /usr/share/man/man1/;
			dstSubfolderSpec = 0;
			files = (
			);
			runOnlyForDeploymentPostprocessing = 1;
		};
/* End PBXCopyFilesBuildPhase section */

/* Begin PBXFileReference section */
		1CBB99BF4018909DEBF7B55C /* main-arm64.cpp */ = {isa = PBXFileReference; fileEncoding = 4; lastKnownFileType = sourcecode.cpp.cpp; path = "main-arm64.cpp"; sourceTree = "<group>"; };
		D2AFA53C2C6CA1A500740852 /* 00_NSObject占用几个字节说起 */ = {isa = PBXFileReference; explicitFileType = "compiled.mach-o.executable"; includeInIndex = 0; path = "00_NSObject占用几个字节说起"; sourceTree = BUILT_PRODUCTS_DIR; };
		D2AFA53E2C6CA1A500740852 /* main.m */ = {isa = PBXFileReference; lastKnownFileType = sourcecode.c.objc; path = main.m; sourceTree = "<group>"; };
		D2AFA5432C6CA23E00740852 /* b_面试专题大概涵盖内容.png */ = {isa = PBXFileReference; lastKnownFileType = image.png; path = "b_面试专题大概涵盖内容.png"; sourceTree = "<group>"; };
		D2AFA5442C6CA23E00740852 /* a_面试专题大纲.png */ = {isa = PBXFileReference; lastKnownFileType = image.png; path = "a_面试专题大纲.png"; sourceTree = "<group>"; };
		D2AFA5452C6CA70B00740852 /* main-arm64.cpp */ = {isa = PBXFileReference; fileEncoding = 4; lastKnownFileType = sourcecode.cpp.cpp; path = "main-arm64.cpp"; sourceTree = "<group>"; };
		D2AFA5472C6CB11700740852 /* c_OC对象的本质.png */ = {isa = PBXFileReference; lastKnownFileType = image.png; path = "c_OC对象的本质.png"; sourceTree = "<group>"; };
		D2AFA54C2C6CB42A00740852 /* 01_自定义类 */ = {isa = PBXFileReference; explicitFileType = "compiled.mach-o.executable"; includeInIndex = 0; path = "01_自定义类"; sourceTree = BUILT_PRODUCTS_DIR; };
		D2AFA54E2C6CB42A00740852 /* main.m */ = {isa = PBXFileReference; lastKnownFileType = sourcecode.c.objc; path = main.m; sourceTree = "<group>"; };
		D2AFA5532C6CC2FF00740852 /* a_自定义类对象的本质.png */ = {isa = PBXFileReference; lastKnownFileType = image.png; path = "a_自定义类对象的本质.png"; sourceTree = "<group>"; };
		D2AFA5582C6CC3A400740852 /* 02_对象内存窥探技巧 */ = {isa = PBXFileReference; explicitFileType = "compiled.mach-o.executable"; includeInIndex = 0; path = "02_对象内存窥探技巧"; sourceTree = BUILT_PRODUCTS_DIR; };
		D2AFA55A2C6CC3A400740852 /* main.m */ = {isa = PBXFileReference; lastKnownFileType = sourcecode.c.objc; path = main.m; sourceTree = "<group>"; };
		D2AFA55F2C6CC3F800740852 /* a_查看内存工具调出.png */ = {isa = PBXFileReference; lastKnownFileType = image.png; path = "a_查看内存工具调出.png"; sourceTree = "<group>"; };
		D2AFA5602C6CC54F00740852 /* b_查看内存步骤.png */ = {isa = PBXFileReference; lastKnownFileType = image.png; path = "b_查看内存步骤.png"; sourceTree = "<group>"; };
		D2AFA5612C6DB59B00740852 /* c_内存读取出来的方式.png */ = {isa = PBXFileReference; lastKnownFileType = image.png; path = "c_内存读取出来的方式.png"; sourceTree = "<group>"; };
		D2AFA5622C6DB61F00740852 /* d_lldb使用.png */ = {isa = PBXFileReference; lastKnownFileType = image.png; path = "d_lldb使用.png"; sourceTree = "<group>"; };
		D2AFA5632C6DB69B00740852 /* e_lldb+viewmemory查看内存.png */ = {isa = PBXFileReference; lastKnownFileType = image.png; path = "e_lldb+viewmemory查看内存.png"; sourceTree = "<group>"; };
		D2AFA5642C6DB73500740852 /* f_lldb读内存指令.png */ = {isa = PBXFileReference; lastKnownFileType = image.png; path = "f_lldb读内存指令.png"; sourceTree = "<group>"; };
		D2AFA5652C6DB93E00740852 /* g_lldb常用指令.png */ = {isa = PBXFileReference; lastKnownFileType = image.png; path = "g_lldb常用指令.png"; sourceTree = "<group>"; };
		D2AFA5662C6DB93E00740852 /* h_lldb读取的一个演示.png */ = {isa = PBXFileReference; lastKnownFileType = image.png; path = "h_lldb读取的一个演示.png"; sourceTree = "<group>"; };
/* End PBXFileReference section */

/* Begin PBXFrameworksBuildPhase section */
		D2AFA5392C6CA1A500740852 /* Frameworks */ = {
			isa = PBXFrameworksBuildPhase;
			buildActionMask = 2147483647;
			files = (
			);
			runOnlyForDeploymentPostprocessing = 0;
		};
		D2AFA5492C6CB42A00740852 /* Frameworks */ = {
			isa = PBXFrameworksBuildPhase;
			buildActionMask = 2147483647;
			files = (
			);
			runOnlyForDeploymentPostprocessing = 0;
		};
		D2AFA5552C6CC3A400740852 /* Frameworks */ = {
			isa = PBXFrameworksBuildPhase;
			buildActionMask = 2147483647;
			files = (
			);
			runOnlyForDeploymentPostprocessing = 0;
		};
/* End PBXFrameworksBuildPhase section */

/* Begin PBXGroup section */
		D2AFA5192C6CA17400740852 = {
			isa = PBXGroup;
			children = (
				D2AFA53D2C6CA1A500740852 /* 00_NSObject占用几个字节说起 */,
				D2AFA54D2C6CB42A00740852 /* 01_自定义类 */,
				D2AFA5592C6CC3A400740852 /* 02_对象内存窥探技巧 */,
				D2AFA5232C6CA17400740852 /* Products */,
			);
			sourceTree = "<group>";
		};
		D2AFA5232C6CA17400740852 /* Products */ = {
			isa = PBXGroup;
			children = (
				D2AFA53C2C6CA1A500740852 /* 00_NSObject占用几个字节说起 */,
				D2AFA54C2C6CB42A00740852 /* 01_自定义类 */,
				D2AFA5582C6CC3A400740852 /* 02_对象内存窥探技巧 */,
			);
			name = Products;
			sourceTree = "<group>";
		};
		D2AFA53D2C6CA1A500740852 /* 00_NSObject占用几个字节说起 */ = {
			isa = PBXGroup;
			children = (
				D2AFA5472C6CB11700740852 /* c_OC对象的本质.png */,
				D2AFA5452C6CA70B00740852 /* main-arm64.cpp */,
				D2AFA5432C6CA23E00740852 /* b_面试专题大概涵盖内容.png */,
				D2AFA5442C6CA23E00740852 /* a_面试专题大纲.png */,
				D2AFA53E2C6CA1A500740852 /* main.m */,
			);
			path = "00_NSObject占用几个字节说起";
			sourceTree = "<group>";
		};
		D2AFA54D2C6CB42A00740852 /* 01_自定义类 */ = {
			isa = PBXGroup;
			children = (
				D2AFA5532C6CC2FF00740852 /* a_自定义类对象的本质.png */,
				D2AFA54E2C6CB42A00740852 /* main.m */,
				1CBB99BF4018909DEBF7B55C /* main-arm64.cpp */,
			);
			path = "01_自定义类";
			sourceTree = "<group>";
		};
		D2AFA5592C6CC3A400740852 /* 02_对象内存窥探技巧 */ = {
			isa = PBXGroup;
			children = (
				D2AFA5662C6DB93E00740852 /* h_lldb读取的一个演示.png */,
				D2AFA5652C6DB93E00740852 /* g_lldb常用指令.png */,
				D2AFA5642C6DB73500740852 /* f_lldb读内存指令.png */,
				D2AFA5632C6DB69B00740852 /* e_lldb+viewmemory查看内存.png */,
				D2AFA5622C6DB61F00740852 /* d_lldb使用.png */,
				D2AFA5612C6DB59B00740852 /* c_内存读取出来的方式.png */,
				D2AFA5602C6CC54F00740852 /* b_查看内存步骤.png */,
				D2AFA55F2C6CC3F800740852 /* a_查看内存工具调出.png */,
				D2AFA55A2C6CC3A400740852 /* main.m */,
			);
			path = "02_对象内存窥探技巧";
			sourceTree = "<group>";
		};
/* End PBXGroup section */

/* Begin PBXNativeTarget section */
		D2AFA53B2C6CA1A500740852 /* 00_NSObject占用几个字节说起 */ = {
			isa = PBXNativeTarget;
			buildConfigurationList = D2AFA5402C6CA1A500740852 /* Build configuration list for PBXNativeTarget "00_NSObject占用几个字节说起" */;
			buildPhases = (
				D2AFA5382C6CA1A500740852 /* Sources */,
				D2AFA5392C6CA1A500740852 /* Frameworks */,
				D2AFA53A2C6CA1A500740852 /* CopyFiles */,
			);
			buildRules = (
			);
			dependencies = (
			);
			name = "00_NSObject占用几个字节说起";
			productName = "00_NSObject占用几个字节说起";
			productReference = D2AFA53C2C6CA1A500740852 /* 00_NSObject占用几个字节说起 */;
			productType = "com.apple.product-type.tool";
		};
		D2AFA54B2C6CB42A00740852 /* 01_自定义类 */ = {
			isa = PBXNativeTarget;
			buildConfigurationList = D2AFA5502C6CB42A00740852 /* Build configuration list for PBXNativeTarget "01_自定义类" */;
			buildPhases = (
				D2AFA5482C6CB42A00740852 /* Sources */,
				D2AFA5492C6CB42A00740852 /* Frameworks */,
				D2AFA54A2C6CB42A00740852 /* CopyFiles */,
			);
			buildRules = (
			);
			dependencies = (
			);
			name = "01_自定义类";
			productName = "01_自定义类";
			productReference = D2AFA54C2C6CB42A00740852 /* 01_自定义类 */;
			productType = "com.apple.product-type.tool";
		};
		D2AFA5572C6CC3A400740852 /* 02_对象内存窥探技巧 */ = {
			isa = PBXNativeTarget;
			buildConfigurationList = D2AFA55E2C6CC3A400740852 /* Build configuration list for PBXNativeTarget "02_对象内存窥探技巧" */;
			buildPhases = (
				D2AFA5542C6CC3A400740852 /* Sources */,
				D2AFA5552C6CC3A400740852 /* Frameworks */,
				D2AFA5562C6CC3A400740852 /* CopyFiles */,
			);
			buildRules = (
			);
			dependencies = (
			);
			name = "02_对象内存窥探技巧";
			productName = "02_对象内存窥探技巧";
			productReference = D2AFA5582C6CC3A400740852 /* 02_对象内存窥探技巧 */;
			productType = "com.apple.product-type.tool";
		};
/* End PBXNativeTarget section */

/* Begin PBXProject section */
		D2AFA51A2C6CA17400740852 /* Project object */ = {
			isa = PBXProject;
			attributes = {
				BuildIndependentTargetsInParallel = 1;
				LastUpgradeCheck = 1430;
				TargetAttributes = {
					D2AFA53B2C6CA1A500740852 = {
						CreatedOnToolsVersion = 14.3.1;
					};
					D2AFA54B2C6CB42A00740852 = {
						CreatedOnToolsVersion = 14.3.1;
					};
					D2AFA5572C6CC3A400740852 = {
						CreatedOnToolsVersion = 14.3.1;
					};
				};
			};
			buildConfigurationList = D2AFA51D2C6CA17400740852 /* Build configuration list for PBXProject "01_oc对象本质" */;
			compatibilityVersion = "Xcode 14.0";
			developmentRegion = en;
			hasScannedForEncodings = 0;
			knownRegions = (
				en,
				Base,
			);
			mainGroup = D2AFA5192C6CA17400740852;
			productRefGroup = D2AFA5232C6CA17400740852 /* Products */;
			projectDirPath = "";
			projectRoot = "";
			targets = (
				D2AFA53B2C6CA1A500740852 /* 00_NSObject占用几个字节说起 */,
				D2AFA54B2C6CB42A00740852 /* 01_自定义类 */,
				D2AFA5572C6CC3A400740852 /* 02_对象内存窥探技巧 */,
			);
		};
/* End PBXProject section */

/* Begin PBXSourcesBuildPhase section */
		D2AFA5382C6CA1A500740852 /* Sources */ = {
			isa = PBXSourcesBuildPhase;
			buildActionMask = 2147483647;
			files = (
				D2AFA53F2C6CA1A500740852 /* main.m in Sources */,
			);
			runOnlyForDeploymentPostprocessing = 0;
		};
		D2AFA5482C6CB42A00740852 /* Sources */ = {
			isa = PBXSourcesBuildPhase;
			buildActionMask = 2147483647;
			files = (
				D2AFA54F2C6CB42A00740852 /* main.m in Sources */,
			);
			runOnlyForDeploymentPostprocessing = 0;
		};
		D2AFA5542C6CC3A400740852 /* Sources */ = {
			isa = PBXSourcesBuildPhase;
			buildActionMask = 2147483647;
			files = (
				D2AFA55B2C6CC3A400740852 /* main.m in Sources */,
			);
			runOnlyForDeploymentPostprocessing = 0;
		};
/* End PBXSourcesBuildPhase section */

/* Begin XCBuildConfiguration section */
		D2AFA5332C6CA17500740852 /* Debug */ = {
			isa = XCBuildConfiguration;
			buildSettings = {
				ALWAYS_SEARCH_USER_PATHS = NO;
				CLANG_ANALYZER_NONNULL = YES;
				CLANG_ANALYZER_NUMBER_OBJECT_CONVERSION = YES_AGGRESSIVE;
				CLANG_CXX_LANGUAGE_STANDARD = "gnu++20";
				CLANG_ENABLE_MODULES = YES;
				CLANG_ENABLE_OBJC_ARC = YES;
				CLANG_ENABLE_OBJC_WEAK = YES;
				CLANG_WARN_BLOCK_CAPTURE_AUTORELEASING = YES;
				CLANG_WARN_BOOL_CONVERSION = YES;
				CLANG_WARN_COMMA = YES;
				CLANG_WARN_CONSTANT_CONVERSION = YES;
				CLANG_WARN_DEPRECATED_OBJC_IMPLEMENTATIONS = YES;
				CLANG_WARN_DIRECT_OBJC_ISA_USAGE = YES_ERROR;
				CLANG_WARN_DOCUMENTATION_COMMENTS = YES;
				CLANG_WARN_EMPTY_BODY = YES;
				CLANG_WARN_ENUM_CONVERSION = YES;
				CLANG_WARN_INFINITE_RECURSION = YES;
				CLANG_WARN_INT_CONVERSION = YES;
				CLANG_WARN_NON_LITERAL_NULL_CONVERSION = YES;
				CLANG_WARN_OBJC_IMPLICIT_RETAIN_SELF = YES;
				CLANG_WARN_OBJC_LITERAL_CONVERSION = YES;
				CLANG_WARN_OBJC_ROOT_CLASS = YES_ERROR;
				CLANG_WARN_QUOTED_INCLUDE_IN_FRAMEWORK_HEADER = YES;
				CLANG_WARN_RANGE_LOOP_ANALYSIS = YES;
				CLANG_WARN_STRICT_PROTOTYPES = YES;
				CLANG_WARN_SUSPICIOUS_MOVE = YES;
				CLANG_WARN_UNGUARDED_AVAILABILITY = YES_AGGRESSIVE;
				CLANG_WARN_UNREACHABLE_CODE = YES;
				CLANG_WARN__DUPLICATE_METHOD_MATCH = YES;
				COPY_PHASE_STRIP = NO;
				DEBUG_INFORMATION_FORMAT = dwarf;
				ENABLE_STRICT_OBJC_MSGSEND = YES;
				ENABLE_TESTABILITY = YES;
				GCC_C_LANGUAGE_STANDARD = gnu11;
				GCC_DYNAMIC_NO_PIC = NO;
				GCC_NO_COMMON_BLOCKS = YES;
				GCC_OPTIMIZATION_LEVEL = 0;
				GCC_PREPROCESSOR_DEFINITIONS = (
					"DEBUG=1",
					"$(inherited)",
				);
				GCC_WARN_64_TO_32_BIT_CONVERSION = YES;
				GCC_WARN_ABOUT_RETURN_TYPE = YES_ERROR;
				GCC_WARN_UNDECLARED_SELECTOR = YES;
				GCC_WARN_UNINITIALIZED_AUTOS = YES_AGGRESSIVE;
				GCC_WARN_UNUSED_FUNCTION = YES;
				GCC_WARN_UNUSED_VARIABLE = YES;
				MACOSX_DEPLOYMENT_TARGET = 13.3;
				MTL_ENABLE_DEBUG_INFO = INCLUDE_SOURCE;
				MTL_FAST_MATH = YES;
				ONLY_ACTIVE_ARCH = YES;
				SDKROOT = macosx;
			};
			name = Debug;
		};
		D2AFA5342C6CA17500740852 /* Release */ = {
			isa = XCBuildConfiguration;
			buildSettings = {
				ALWAYS_SEARCH_USER_PATHS = NO;
				CLANG_ANALYZER_NONNULL = YES;
				CLANG_ANALYZER_NUMBER_OBJECT_CONVERSION = YES_AGGRESSIVE;
				CLANG_CXX_LANGUAGE_STANDARD = "gnu++20";
				CLANG_ENABLE_MODULES = YES;
				CLANG_ENABLE_OBJC_ARC = YES;
				CLANG_ENABLE_OBJC_WEAK = YES;
				CLANG_WARN_BLOCK_CAPTURE_AUTORELEASING = YES;
				CLANG_WARN_BOOL_CONVERSION = YES;
				CLANG_WARN_COMMA = YES;
				CLANG_WARN_CONSTANT_CONVERSION = YES;
				CLANG_WARN_DEPRECATED_OBJC_IMPLEMENTATIONS = YES;
				CLANG_WARN_DIRECT_OBJC_ISA_USAGE = YES_ERROR;
				CLANG_WARN_DOCUMENTATION_COMMENTS = YES;
				CLANG_WARN_EMPTY_BODY = YES;
				CLANG_WARN_ENUM_CONVERSION = YES;
				CLANG_WARN_INFINITE_RECURSION = YES;
				CLANG_WARN_INT_CONVERSION = YES;
				CLANG_WARN_NON_LITERAL_NULL_CONVERSION = YES;
				CLANG_WARN_OBJC_IMPLICIT_RETAIN_SELF = YES;
				CLANG_WARN_OBJC_LITERAL_CONVERSION = YES;
				CLANG_WARN_OBJC_ROOT_CLASS = YES_ERROR;
				CLANG_WARN_QUOTED_INCLUDE_IN_FRAMEWORK_HEADER = YES;
				CLANG_WARN_RANGE_LOOP_ANALYSIS = YES;
				CLANG_WARN_STRICT_PROTOTYPES = YES;
				CLANG_WARN_SUSPICIOUS_MOVE = YES;
				CLANG_WARN_UNGUARDED_AVAILABILITY = YES_AGGRESSIVE;
				CLANG_WARN_UNREACHABLE_CODE = YES;
				CLANG_WARN__DUPLICATE_METHOD_MATCH = YES;
				COPY_PHASE_STRIP = NO;
				DEBUG_INFORMATION_FORMAT = "dwarf-with-dsym";
				ENABLE_NS_ASSERTIONS = NO;
				ENABLE_STRICT_OBJC_MSGSEND = YES;
				GCC_C_LANGUAGE_STANDARD = gnu11;
				GCC_NO_COMMON_BLOCKS = YES;
				GCC_WARN_64_TO_32_BIT_CONVERSION = YES;
				GCC_WARN_ABOUT_RETURN_TYPE = YES_ERROR;
				GCC_WARN_UNDECLARED_SELECTOR = YES;
				GCC_WARN_UNINITIALIZED_AUTOS = YES_AGGRESSIVE;
				GCC_WARN_UNUSED_FUNCTION = YES;
				GCC_WARN_UNUSED_VARIABLE = YES;
				MACOSX_DEPLOYMENT_TARGET = 13.3;
				MTL_ENABLE_DEBUG_INFO = NO;
				MTL_FAST_MATH = YES;
				SDKROOT = macosx;
			};
			name = Release;
		};
		D2AFA5412C6CA1A500740852 /* Debug */ = {
			isa = XCBuildConfiguration;
			buildSettings = {
				CODE_SIGN_STYLE = Automatic;
				PRODUCT_NAME = "$(TARGET_NAME)";
			};
			name = Debug;
		};
		D2AFA5422C6CA1A500740852 /* Release */ = {
			isa = XCBuildConfiguration;
			buildSettings = {
				CODE_SIGN_STYLE = Automatic;
				PRODUCT_NAME = "$(TARGET_NAME)";
			};
			name = Release;
		};
		D2AFA5512C6CB42A00740852 /* Debug */ = {
			isa = XCBuildConfiguration;
			buildSettings = {
				CODE_SIGN_STYLE = Automatic;
				PRODUCT_NAME = "$(TARGET_NAME)";
			};
			name = Debug;
		};
		D2AFA5522C6CB42A00740852 /* Release */ = {
			isa = XCBuildConfiguration;
			buildSettings = {
				CODE_SIGN_STYLE = Automatic;
				PRODUCT_NAME = "$(TARGET_NAME)";
			};
			name = Release;
		};
		D2AFA55C2C6CC3A400740852 /* Debug */ = {
			isa = XCBuildConfiguration;
			buildSettings = {
				CODE_SIGN_STYLE = Automatic;
				PRODUCT_NAME = "$(TARGET_NAME)";
			};
			name = Debug;
		};
		D2AFA55D2C6CC3A400740852 /* Release */ = {
			isa = XCBuildConfiguration;
			buildSettings = {
				CODE_SIGN_STYLE = Automatic;
				PRODUCT_NAME = "$(TARGET_NAME)";
			};
			name = Release;
		};
/* End XCBuildConfiguration section */

/* Begin XCConfigurationList section */
		D2AFA51D2C6CA17400740852 /* Build configuration list for PBXProject "01_oc对象本质" */ = {
			isa = XCConfigurationList;
			buildConfigurations = (
				D2AFA5332C6CA17500740852 /* Debug */,
				D2AFA5342C6CA17500740852 /* Release */,
			);
			defaultConfigurationIsVisible = 0;
			defaultConfigurationName = Release;
		};
		D2AFA5402C6CA1A500740852 /* Build configuration list for PBXNativeTarget "00_NSObject占用几个字节说起" */ = {
			isa = XCConfigurationList;
			buildConfigurations = (
				D2AFA5412C6CA1A500740852 /* Debug */,
				D2AFA5422C6CA1A500740852 /* Release */,
			);
			defaultConfigurationIsVisible = 0;
			defaultConfigurationName = Release;
		};
		D2AFA5502C6CB42A00740852 /* Build configuration list for PBXNativeTarget "01_自定义类" */ = {
			isa = XCConfigurationList;
			buildConfigurations = (
				D2AFA5512C6CB42A00740852 /* Debug */,
				D2AFA5522C6CB42A00740852 /* Release */,
			);
			defaultConfigurationIsVisible = 0;
			defaultConfigurationName = Release;
		};
		D2AFA55E2C6CC3A400740852 /* Build configuration list for PBXNativeTarget "02_对象内存窥探技巧" */ = {
			isa = XCConfigurationList;
			buildConfigurations = (
				D2AFA55C2C6CC3A400740852 /* Debug */,
				D2AFA55D2C6CC3A400740852 /* Release */,
			);
			defaultConfigurationIsVisible = 0;
			defaultConfigurationName = Release;
		};
/* End XCConfigurationList section */
	};
	rootObject = D2AFA51A2C6CA17400740852 /* Project object */;
}
