// !$*UTF8*$!
{
	archiveVersion = 1;
	classes = {
	};
	objectVersion = 56;
	objects = {

/* Begin PBXBuildFile section */
		D23A87F32C656A3800BCA073 /* main.swift in Sources */ = {isa = PBXBuildFile; fileRef = D23A87F22C656A3800BCA073 /* main.swift */; };
		D23A87FF2C65731200BCA073 /* main.swift in Sources */ = {isa = PBXBuildFile; fileRef = D23A87FE2C65731200BCA073 /* main.swift */; };
/* End PBXBuildFile section */

/* Begin PBXCopyFilesBuildPhase section */
		D23A87E02C65630800BCA073 /* CopyFiles */ = {
			isa = PBXCopyFilesBuildPhase;
			buildActionMask = 2147483647;
			dstPath = /usr/share/man/man1/;
			dstSubfolderSpec = 0;
			files = (
			);
			runOnlyForDeploymentPostprocessing = 1;
		};
		D23A87EE2C656A3800BCA073 /* CopyFiles */ = {
			isa = PBXCopyFilesBuildPhase;
			buildActionMask = 2147483647;
			dstPath = /usr/share/man/man1/;
			dstSubfolderSpec = 0;
			files = (
			);
			runOnlyForDeploymentPostprocessing = 1;
		};
		D23A87FA2C65731200BCA073 /* CopyFiles */ = {
			isa = PBXCopyFilesBuildPhase;
			buildActionMask = 2147483647;
			dstPath = /usr/share/man/man1/;
			dstSubfolderSpec = 0;
			files = (
			);
			runOnlyForDeploymentPostprocessing = 1;
		};
/* End PBXCopyFilesBuildPhase section */

/* Begin PBXFileReference section */
		D23A87E22C65630800BCA073 /* 17_字面量 */ = {isa = PBXFileReference; explicitFileType = "compiled.mach-o.executable"; includeInIndex = 0; path = "17_字面量"; sourceTree = BUILT_PRODUCTS_DIR; };
		D23A87F02C656A3800BCA073 /* 17_01_字面量 */ = {isa = PBXFileReference; explicitFileType = "compiled.mach-o.executable"; includeInIndex = 0; path = "17_01_字面量"; sourceTree = BUILT_PRODUCTS_DIR; };
		D23A87F22C656A3800BCA073 /* main.swift */ = {isa = PBXFileReference; lastKnownFileType = sourcecode.swift; path = main.swift; sourceTree = "<group>"; };
		D23A87F72C6572B400BCA073 /* a_课件.png */ = {isa = PBXFileReference; lastKnownFileType = image.png; path = "a_课件.png"; sourceTree = "<group>"; };
		D23A87FC2C65731200BCA073 /* 17_02_字面量协议 */ = {isa = PBXFileReference; explicitFileType = "compiled.mach-o.executable"; includeInIndex = 0; path = "17_02_字面量协议"; sourceTree = BUILT_PRODUCTS_DIR; };
		D23A87FE2C65731200BCA073 /* main.swift */ = {isa = PBXFileReference; lastKnownFileType = sourcecode.swift; path = main.swift; sourceTree = "<group>"; };
		D23A88032C65734600BCA073 /* a_字面量协议.png */ = {isa = PBXFileReference; lastKnownFileType = image.png; path = "a_字面量协议.png"; sourceTree = "<group>"; };
/* End PBXFileReference section */

/* Begin PBXFrameworksBuildPhase section */
		D23A87DF2C65630800BCA073 /* Frameworks */ = {
			isa = PBXFrameworksBuildPhase;
			buildActionMask = 2147483647;
			files = (
			);
			runOnlyForDeploymentPostprocessing = 0;
		};
		D23A87ED2C656A3800BCA073 /* Frameworks */ = {
			isa = PBXFrameworksBuildPhase;
			buildActionMask = 2147483647;
			files = (
			);
			runOnlyForDeploymentPostprocessing = 0;
		};
		D23A87F92C65731200BCA073 /* Frameworks */ = {
			isa = PBXFrameworksBuildPhase;
			buildActionMask = 2147483647;
			files = (
			);
			runOnlyForDeploymentPostprocessing = 0;
		};
/* End PBXFrameworksBuildPhase section */

/* Begin PBXGroup section */
		D23A87D92C65630800BCA073 = {
			isa = PBXGroup;
			children = (
				D23A87F12C656A3800BCA073 /* 17_01_字面量 */,
				D23A87FD2C65731200BCA073 /* 17_02_字面量协议 */,
				D23A87E32C65630800BCA073 /* Products */,
			);
			sourceTree = "<group>";
		};
		D23A87E32C65630800BCA073 /* Products */ = {
			isa = PBXGroup;
			children = (
				D23A87E22C65630800BCA073 /* 17_字面量 */,
				D23A87F02C656A3800BCA073 /* 17_01_字面量 */,
				D23A87FC2C65731200BCA073 /* 17_02_字面量协议 */,
			);
			name = Products;
			sourceTree = "<group>";
		};
		D23A87F12C656A3800BCA073 /* 17_01_字面量 */ = {
			isa = PBXGroup;
			children = (
				D23A87F72C6572B400BCA073 /* a_课件.png */,
				D23A87F22C656A3800BCA073 /* main.swift */,
			);
			path = "17_01_字面量";
			sourceTree = "<group>";
		};
		D23A87FD2C65731200BCA073 /* 17_02_字面量协议 */ = {
			isa = PBXGroup;
			children = (
				D23A88032C65734600BCA073 /* a_字面量协议.png */,
				D23A87FE2C65731200BCA073 /* main.swift */,
			);
			path = "17_02_字面量协议";
			sourceTree = "<group>";
		};
/* End PBXGroup section */

/* Begin PBXNativeTarget section */
		D23A87E12C65630800BCA073 /* 17_字面量 */ = {
			isa = PBXNativeTarget;
			buildConfigurationList = D23A87E92C65630800BCA073 /* Build configuration list for PBXNativeTarget "17_字面量" */;
			buildPhases = (
				D23A87DE2C65630800BCA073 /* Sources */,
				D23A87DF2C65630800BCA073 /* Frameworks */,
				D23A87E02C65630800BCA073 /* CopyFiles */,
			);
			buildRules = (
			);
			dependencies = (
			);
			name = "17_字面量";
			productName = "17_字面量";
			productReference = D23A87E22C65630800BCA073 /* 17_字面量 */;
			productType = "com.apple.product-type.tool";
		};
		D23A87EF2C656A3800BCA073 /* 17_01_字面量 */ = {
			isa = PBXNativeTarget;
			buildConfigurationList = D23A87F42C656A3800BCA073 /* Build configuration list for PBXNativeTarget "17_01_字面量" */;
			buildPhases = (
				D23A87EC2C656A3800BCA073 /* Sources */,
				D23A87ED2C656A3800BCA073 /* Frameworks */,
				D23A87EE2C656A3800BCA073 /* CopyFiles */,
			);
			buildRules = (
			);
			dependencies = (
			);
			name = "17_01_字面量";
			productName = "17_01_字面量";
			productReference = D23A87F02C656A3800BCA073 /* 17_01_字面量 */;
			productType = "com.apple.product-type.tool";
		};
		D23A87FB2C65731200BCA073 /* 17_02_字面量协议 */ = {
			isa = PBXNativeTarget;
			buildConfigurationList = D23A88022C65731200BCA073 /* Build configuration list for PBXNativeTarget "17_02_字面量协议" */;
			buildPhases = (
				D23A87F82C65731200BCA073 /* Sources */,
				D23A87F92C65731200BCA073 /* Frameworks */,
				D23A87FA2C65731200BCA073 /* CopyFiles */,
			);
			buildRules = (
			);
			dependencies = (
			);
			name = "17_02_字面量协议";
			productName = "17_02_字面量协议";
			productReference = D23A87FC2C65731200BCA073 /* 17_02_字面量协议 */;
			productType = "com.apple.product-type.tool";
		};
/* End PBXNativeTarget section */

/* Begin PBXProject section */
		D23A87DA2C65630800BCA073 /* Project object */ = {
			isa = PBXProject;
			attributes = {
				BuildIndependentTargetsInParallel = 1;
				LastSwiftUpdateCheck = 1430;
				LastUpgradeCheck = 1430;
				TargetAttributes = {
					D23A87E12C65630800BCA073 = {
						CreatedOnToolsVersion = 14.3.1;
					};
					D23A87EF2C656A3800BCA073 = {
						CreatedOnToolsVersion = 14.3.1;
					};
					D23A87FB2C65731200BCA073 = {
						CreatedOnToolsVersion = 14.3.1;
					};
				};
			};
			buildConfigurationList = D23A87DD2C65630800BCA073 /* Build configuration list for PBXProject "17_字面量" */;
			compatibilityVersion = "Xcode 14.0";
			developmentRegion = en;
			hasScannedForEncodings = 0;
			knownRegions = (
				en,
				Base,
			);
			mainGroup = D23A87D92C65630800BCA073;
			productRefGroup = D23A87E32C65630800BCA073 /* Products */;
			projectDirPath = "";
			projectRoot = "";
			targets = (
				D23A87E12C65630800BCA073 /* 17_字面量 */,
				D23A87EF2C656A3800BCA073 /* 17_01_字面量 */,
				D23A87FB2C65731200BCA073 /* 17_02_字面量协议 */,
			);
		};
/* End PBXProject section */

/* Begin PBXSourcesBuildPhase section */
		D23A87DE2C65630800BCA073 /* Sources */ = {
			isa = PBXSourcesBuildPhase;
			buildActionMask = 2147483647;
			files = (
			);
			runOnlyForDeploymentPostprocessing = 0;
		};
		D23A87EC2C656A3800BCA073 /* Sources */ = {
			isa = PBXSourcesBuildPhase;
			buildActionMask = 2147483647;
			files = (
				D23A87F32C656A3800BCA073 /* main.swift in Sources */,
			);
			runOnlyForDeploymentPostprocessing = 0;
		};
		D23A87F82C65731200BCA073 /* Sources */ = {
			isa = PBXSourcesBuildPhase;
			buildActionMask = 2147483647;
			files = (
				D23A87FF2C65731200BCA073 /* main.swift in Sources */,
			);
			runOnlyForDeploymentPostprocessing = 0;
		};
/* End PBXSourcesBuildPhase section */

/* Begin XCBuildConfiguration section */
		D23A87E72C65630800BCA073 /* Debug */ = {
			isa = XCBuildConfiguration;
			buildSettings = {
				ALWAYS_SEARCH_USER_PATHS = NO;
				CLANG_ANALYZER_NONNULL = YES;
				CLANG_ANALYZER_NUMBER_OBJECT_CONVERSION = YES_AGGRESSIVE;
				CLANG_CXX_LANGUAGE_STANDARD = "gnu++20";
				CLANG_ENABLE_MODULES = YES;
				CLANG_ENABLE_OBJC_ARC = YES;
				CLANG_ENABLE_OBJC_WEAK = YES;
				CLANG_WARN_BLOCK_CAPTURE_AUTORELEASING = YES;
				CLANG_WARN_BOOL_CONVERSION = YES;
				CLANG_WARN_COMMA = YES;
				CLANG_WARN_CONSTANT_CONVERSION = YES;
				CLANG_WARN_DEPRECATED_OBJC_IMPLEMENTATIONS = YES;
				CLANG_WARN_DIRECT_OBJC_ISA_USAGE = YES_ERROR;
				CLANG_WARN_DOCUMENTATION_COMMENTS = YES;
				CLANG_WARN_EMPTY_BODY = YES;
				CLANG_WARN_ENUM_CONVERSION = YES;
				CLANG_WARN_INFINITE_RECURSION = YES;
				CLANG_WARN_INT_CONVERSION = YES;
				CLANG_WARN_NON_LITERAL_NULL_CONVERSION = YES;
				CLANG_WARN_OBJC_IMPLICIT_RETAIN_SELF = YES;
				CLANG_WARN_OBJC_LITERAL_CONVERSION = YES;
				CLANG_WARN_OBJC_ROOT_CLASS = YES_ERROR;
				CLANG_WARN_QUOTED_INCLUDE_IN_FRAMEWORK_HEADER = YES;
				CLANG_WARN_RANGE_LOOP_ANALYSIS = YES;
				CLANG_WARN_STRICT_PROTOTYPES = YES;
				CLANG_WARN_SUSPICIOUS_MOVE = YES;
				CLANG_WARN_UNGUARDED_AVAILABILITY = YES_AGGRESSIVE;
				CLANG_WARN_UNREACHABLE_CODE = YES;
				CLANG_WARN__DUPLICATE_METHOD_MATCH = YES;
				COPY_PHASE_STRIP = NO;
				DEBUG_INFORMATION_FORMAT = dwarf;
				ENABLE_STRICT_OBJC_MSGSEND = YES;
				ENABLE_TESTABILITY = YES;
				GCC_C_LANGUAGE_STANDARD = gnu11;
				GCC_DYNAMIC_NO_PIC = NO;
				GCC_NO_COMMON_BLOCKS = YES;
				GCC_OPTIMIZATION_LEVEL = 0;
				GCC_PREPROCESSOR_DEFINITIONS = (
					"DEBUG=1",
					"$(inherited)",
				);
				GCC_WARN_64_TO_32_BIT_CONVERSION = YES;
				GCC_WARN_ABOUT_RETURN_TYPE = YES_ERROR;
				GCC_WARN_UNDECLARED_SELECTOR = YES;
				GCC_WARN_UNINITIALIZED_AUTOS = YES_AGGRESSIVE;
				GCC_WARN_UNUSED_FUNCTION = YES;
				GCC_WARN_UNUSED_VARIABLE = YES;
				MACOSX_DEPLOYMENT_TARGET = 13.3;
				MTL_ENABLE_DEBUG_INFO = INCLUDE_SOURCE;
				MTL_FAST_MATH = YES;
				ONLY_ACTIVE_ARCH = YES;
				SDKROOT = macosx;
				SWIFT_ACTIVE_COMPILATION_CONDITIONS = DEBUG;
				SWIFT_OPTIMIZATION_LEVEL = "-Onone";
			};
			name = Debug;
		};
		D23A87E82C65630800BCA073 /* Release */ = {
			isa = XCBuildConfiguration;
			buildSettings = {
				ALWAYS_SEARCH_USER_PATHS = NO;
				CLANG_ANALYZER_NONNULL = YES;
				CLANG_ANALYZER_NUMBER_OBJECT_CONVERSION = YES_AGGRESSIVE;
				CLANG_CXX_LANGUAGE_STANDARD = "gnu++20";
				CLANG_ENABLE_MODULES = YES;
				CLANG_ENABLE_OBJC_ARC = YES;
				CLANG_ENABLE_OBJC_WEAK = YES;
				CLANG_WARN_BLOCK_CAPTURE_AUTORELEASING = YES;
				CLANG_WARN_BOOL_CONVERSION = YES;
				CLANG_WARN_COMMA = YES;
				CLANG_WARN_CONSTANT_CONVERSION = YES;
				CLANG_WARN_DEPRECATED_OBJC_IMPLEMENTATIONS = YES;
				CLANG_WARN_DIRECT_OBJC_ISA_USAGE = YES_ERROR;
				CLANG_WARN_DOCUMENTATION_COMMENTS = YES;
				CLANG_WARN_EMPTY_BODY = YES;
				CLANG_WARN_ENUM_CONVERSION = YES;
				CLANG_WARN_INFINITE_RECURSION = YES;
				CLANG_WARN_INT_CONVERSION = YES;
				CLANG_WARN_NON_LITERAL_NULL_CONVERSION = YES;
				CLANG_WARN_OBJC_IMPLICIT_RETAIN_SELF = YES;
				CLANG_WARN_OBJC_LITERAL_CONVERSION = YES;
				CLANG_WARN_OBJC_ROOT_CLASS = YES_ERROR;
				CLANG_WARN_QUOTED_INCLUDE_IN_FRAMEWORK_HEADER = YES;
				CLANG_WARN_RANGE_LOOP_ANALYSIS = YES;
				CLANG_WARN_STRICT_PROTOTYPES = YES;
				CLANG_WARN_SUSPICIOUS_MOVE = YES;
				CLANG_WARN_UNGUARDED_AVAILABILITY = YES_AGGRESSIVE;
				CLANG_WARN_UNREACHABLE_CODE = YES;
				CLANG_WARN__DUPLICATE_METHOD_MATCH = YES;
				COPY_PHASE_STRIP = NO;
				DEBUG_INFORMATION_FORMAT = "dwarf-with-dsym";
				ENABLE_NS_ASSERTIONS = NO;
				ENABLE_STRICT_OBJC_MSGSEND = YES;
				GCC_C_LANGUAGE_STANDARD = gnu11;
				GCC_NO_COMMON_BLOCKS = YES;
				GCC_WARN_64_TO_32_BIT_CONVERSION = YES;
				GCC_WARN_ABOUT_RETURN_TYPE = YES_ERROR;
				GCC_WARN_UNDECLARED_SELECTOR = YES;
				GCC_WARN_UNINITIALIZED_AUTOS = YES_AGGRESSIVE;
				GCC_WARN_UNUSED_FUNCTION = YES;
				GCC_WARN_UNUSED_VARIABLE = YES;
				MACOSX_DEPLOYMENT_TARGET = 13.3;
				MTL_ENABLE_DEBUG_INFO = NO;
				MTL_FAST_MATH = YES;
				SDKROOT = macosx;
				SWIFT_COMPILATION_MODE = wholemodule;
				SWIFT_OPTIMIZATION_LEVEL = "-O";
			};
			name = Release;
		};
		D23A87EA2C65630800BCA073 /* Debug */ = {
			isa = XCBuildConfiguration;
			buildSettings = {
				CODE_SIGN_STYLE = Automatic;
				PRODUCT_NAME = "$(TARGET_NAME)";
				SWIFT_VERSION = 5.0;
			};
			name = Debug;
		};
		D23A87EB2C65630800BCA073 /* Release */ = {
			isa = XCBuildConfiguration;
			buildSettings = {
				CODE_SIGN_STYLE = Automatic;
				PRODUCT_NAME = "$(TARGET_NAME)";
				SWIFT_VERSION = 5.0;
			};
			name = Release;
		};
		D23A87F52C656A3800BCA073 /* Debug */ = {
			isa = XCBuildConfiguration;
			buildSettings = {
				CODE_SIGN_STYLE = Automatic;
				PRODUCT_NAME = "$(TARGET_NAME)";
				SWIFT_VERSION = 5.0;
			};
			name = Debug;
		};
		D23A87F62C656A3800BCA073 /* Release */ = {
			isa = XCBuildConfiguration;
			buildSettings = {
				CODE_SIGN_STYLE = Automatic;
				PRODUCT_NAME = "$(TARGET_NAME)";
				SWIFT_VERSION = 5.0;
			};
			name = Release;
		};
		D23A88002C65731200BCA073 /* Debug */ = {
			isa = XCBuildConfiguration;
			buildSettings = {
				CODE_SIGN_STYLE = Automatic;
				PRODUCT_NAME = "$(TARGET_NAME)";
				SWIFT_VERSION = 5.0;
			};
			name = Debug;
		};
		D23A88012C65731200BCA073 /* Release */ = {
			isa = XCBuildConfiguration;
			buildSettings = {
				CODE_SIGN_STYLE = Automatic;
				PRODUCT_NAME = "$(TARGET_NAME)";
				SWIFT_VERSION = 5.0;
			};
			name = Release;
		};
/* End XCBuildConfiguration section */

/* Begin XCConfigurationList section */
		D23A87DD2C65630800BCA073 /* Build configuration list for PBXProject "17_字面量" */ = {
			isa = XCConfigurationList;
			buildConfigurations = (
				D23A87E72C65630800BCA073 /* Debug */,
				D23A87E82C65630800BCA073 /* Release */,
			);
			defaultConfigurationIsVisible = 0;
			defaultConfigurationName = Release;
		};
		D23A87E92C65630800BCA073 /* Build configuration list for PBXNativeTarget "17_字面量" */ = {
			isa = XCConfigurationList;
			buildConfigurations = (
				D23A87EA2C65630800BCA073 /* Debug */,
				D23A87EB2C65630800BCA073 /* Release */,
			);
			defaultConfigurationIsVisible = 0;
			defaultConfigurationName = Release;
		};
		D23A87F42C656A3800BCA073 /* Build configuration list for PBXNativeTarget "17_01_字面量" */ = {
			isa = XCConfigurationList;
			buildConfigurations = (
				D23A87F52C656A3800BCA073 /* Debug */,
				D23A87F62C656A3800BCA073 /* Release */,
			);
			defaultConfigurationIsVisible = 0;
			defaultConfigurationName = Release;
		};
		D23A88022C65731200BCA073 /* Build configuration list for PBXNativeTarget "17_02_字面量协议" */ = {
			isa = XCConfigurationList;
			buildConfigurations = (
				D23A88002C65731200BCA073 /* Debug */,
				D23A88012C65731200BCA073 /* Release */,
			);
			defaultConfigurationIsVisible = 0;
			defaultConfigurationName = Release;
		};
/* End XCConfigurationList section */
	};
	rootObject = D23A87DA2C65630800BCA073 /* Project object */;
}
